// !$*UTF8*$!
{
	archiveVersion = 1;
	classes = {
	};
	objectVersion = 54;
	objects = {

/* Begin PBXBuildFile section */
		84003545259F58DC003C97EA /* GTMAppAuth in Frameworks */ = {isa = PBXBuildFile; productRef = 84003544259F58DC003C97EA /* GTMAppAuth */; };
		8400354F259F58E3003C97EA /* GTMAppAuth in Frameworks */ = {isa = PBXBuildFile; productRef = 8400354E259F58E3003C97EA /* GTMAppAuth */; };
		84003556259F613F003C97EA /* AppAuth in Frameworks */ = {isa = PBXBuildFile; productRef = 84003555259F613F003C97EA /* AppAuth */; };
		8400355E259F7732003C97EA /* AppAuth in Frameworks */ = {isa = PBXBuildFile; productRef = 8400355D259F7732003C97EA /* AppAuth */; };
		840A15F025BCA48B00541ED5 /* CardBackground.swift in Sources */ = {isa = PBXBuildFile; fileRef = 840A15EF25BCA48B00541ED5 /* CardBackground.swift */; };
		840A15F125BCA48B00541ED5 /* CardBackground.swift in Sources */ = {isa = PBXBuildFile; fileRef = 840A15EF25BCA48B00541ED5 /* CardBackground.swift */; };
		840A15F725BD62D200541ED5 /* DashboardScannersView.swift in Sources */ = {isa = PBXBuildFile; fileRef = 840A15F625BD62D200541ED5 /* DashboardScannersView.swift */; };
		840A15F825BD62D200541ED5 /* DashboardScannersView.swift in Sources */ = {isa = PBXBuildFile; fileRef = 840A15F625BD62D200541ED5 /* DashboardScannersView.swift */; };
		84177FB225B2DE81009CC4E9 /* MatchKit.swift in Sources */ = {isa = PBXBuildFile; fileRef = 84177FB125B2DE81009CC4E9 /* MatchKit.swift */; };
		84177FB325B2DE81009CC4E9 /* MatchKit.swift in Sources */ = {isa = PBXBuildFile; fileRef = 84177FB125B2DE81009CC4E9 /* MatchKit.swift */; };
		84177FB925B2F079009CC4E9 /* MatchView.swift in Sources */ = {isa = PBXBuildFile; fileRef = 84177FB825B2F079009CC4E9 /* MatchView.swift */; };
		84177FBA25B2F079009CC4E9 /* MatchView.swift in Sources */ = {isa = PBXBuildFile; fileRef = 84177FB825B2F079009CC4E9 /* MatchView.swift */; };
		841FD3C625BC4FDF0089A53D /* TestsUmi.swift in Sources */ = {isa = PBXBuildFile; fileRef = 84E2EBA325BC428D007B2000 /* TestsUmi.swift */; };
		841FD3CB25BC4FE60089A53D /* umi.json in Resources */ = {isa = PBXBuildFile; fileRef = 84DB6EAD259A2F8C00BD915B /* umi.json */; };
		841FD3D025BC4FE90089A53D /* Umi.swift in Sources */ = {isa = PBXBuildFile; fileRef = 84DB6EA2259A2B1F00BD915B /* Umi.swift */; };
		842F6C6C259CAA7A0063DCFE /* PotoriCommands.swift in Sources */ = {isa = PBXBuildFile; fileRef = 842F6C6B259CAA7A0063DCFE /* PotoriCommands.swift */; };
		8434023C25BECF7100DCFFCB /* NominationContextMenu.swift in Sources */ = {isa = PBXBuildFile; fileRef = 8434023B25BECF7100DCFFCB /* NominationContextMenu.swift */; };
		8434023D25BECF7100DCFFCB /* NominationContextMenu.swift in Sources */ = {isa = PBXBuildFile; fileRef = 8434023B25BECF7100DCFFCB /* NominationContextMenu.swift */; };
		8434024325C03A9600DCFFCB /* UNUserNotificationCenter.swift in Sources */ = {isa = PBXBuildFile; fileRef = 8434024225C03A9600DCFFCB /* UNUserNotificationCenter.swift */; };
		843BEF38259F07CF00FC17F9 /* TabNavigation.swift in Sources */ = {isa = PBXBuildFile; fileRef = 843BEF37259F07CF00FC17F9 /* TabNavigation.swift */; };
		843BEF48259F0CD600FC17F9 /* SidebarNavigation.swift in Sources */ = {isa = PBXBuildFile; fileRef = 843BEF47259F0CD600FC17F9 /* SidebarNavigation.swift */; };
		843BEF49259F0CD600FC17F9 /* SidebarNavigation.swift in Sources */ = {isa = PBXBuildFile; fileRef = 843BEF47259F0CD600FC17F9 /* SidebarNavigation.swift */; };
		84495F2E259A140D00BA238A /* nominations.json in Resources */ = {isa = PBXBuildFile; fileRef = 84495F2D259A140D00BA238A /* nominations.json */; };
		84495F2F259A140D00BA238A /* nominations.json in Resources */ = {isa = PBXBuildFile; fileRef = 84495F2D259A140D00BA238A /* nominations.json */; };
		844A9AAE25A4BD21003E44B5 /* PreferencesView.swift in Sources */ = {isa = PBXBuildFile; fileRef = 844A9AAD25A4BD21003E44B5 /* PreferencesView.swift */; };
		844A9AAF25A4BD21003E44B5 /* PreferencesView.swift in Sources */ = {isa = PBXBuildFile; fileRef = 844A9AAD25A4BD21003E44B5 /* PreferencesView.swift */; };
		844E157125A0657300A79C9E /* GTMSessionFetcher in Frameworks */ = {isa = PBXBuildFile; productRef = 844E157025A0657300A79C9E /* GTMSessionFetcher */; };
		844E157725A0659300A79C9E /* GoogleAPIClientForREST_Gmail in Frameworks */ = {isa = PBXBuildFile; productRef = 844E157625A0659300A79C9E /* GoogleAPIClientForREST_Gmail */; };
		844E157925A065A000A79C9E /* GTMSessionFetcher in Frameworks */ = {isa = PBXBuildFile; productRef = 844E157825A065A000A79C9E /* GTMSessionFetcher */; };
		844E157F25A065FB00A79C9E /* GoogleAPIClientForRESTCore in Frameworks */ = {isa = PBXBuildFile; productRef = 844E157E25A065FB00A79C9E /* GoogleAPIClientForRESTCore */; };
		844E158125A0660200A79C9E /* GoogleAPIClientForRESTCore in Frameworks */ = {isa = PBXBuildFile; productRef = 844E158025A0660200A79C9E /* GoogleAPIClientForRESTCore */; };
		8462D078259F9C330031AD0D /* AppDelegate.swift in Sources */ = {isa = PBXBuildFile; fileRef = 8462D077259F9C330031AD0D /* AppDelegate.swift */; };
		8462D088259FBA030031AD0D /* NominationMap.swift in Sources */ = {isa = PBXBuildFile; fileRef = 8462D087259FBA030031AD0D /* NominationMap.swift */; };
		8462D089259FBA030031AD0D /* NominationMap.swift in Sources */ = {isa = PBXBuildFile; fileRef = 8462D087259FBA030031AD0D /* NominationMap.swift */; };
		8462D0A525A0643F0031AD0D /* GoogleAPIClientForREST_Gmail in Frameworks */ = {isa = PBXBuildFile; productRef = 8462D0A425A0643F0031AD0D /* GoogleAPIClientForREST_Gmail */; };
		846645EC25A8DAA200DD37D1 /* GoogleKit.swift in Sources */ = {isa = PBXBuildFile; fileRef = 846645EB25A8DAA200DD37D1 /* GoogleKit.swift */; };
		846645ED25A8DAA200DD37D1 /* GoogleKit.swift in Sources */ = {isa = PBXBuildFile; fileRef = 846645EB25A8DAA200DD37D1 /* GoogleKit.swift */; };
		8468A22C25A33784009B562D /* Potori.xcdatamodeld in Sources */ = {isa = PBXBuildFile; fileRef = 8468A22A25A33784009B562D /* Potori.xcdatamodeld */; };
		8468A22D25A33784009B562D /* Potori.xcdatamodeld in Sources */ = {isa = PBXBuildFile; fileRef = 8468A22A25A33784009B562D /* Potori.xcdatamodeld */; };
		8469EB1B25B88A2600A9831D /* DashboardReasonsView.swift in Sources */ = {isa = PBXBuildFile; fileRef = 8469EB1A25B88A2600A9831D /* DashboardReasonsView.swift */; };
		8469EB1C25B88A2600A9831D /* DashboardReasonsView.swift in Sources */ = {isa = PBXBuildFile; fileRef = 8469EB1A25B88A2600A9831D /* DashboardReasonsView.swift */; };
		8469EB2A25B93EF800A9831D /* DashboardStatusView.swift in Sources */ = {isa = PBXBuildFile; fileRef = 8469EB2925B93EF800A9831D /* DashboardStatusView.swift */; };
		8469EB2B25B93EF800A9831D /* DashboardStatusView.swift in Sources */ = {isa = PBXBuildFile; fileRef = 8469EB2925B93EF800A9831D /* DashboardStatusView.swift */; };
		8469EB3525B943C800A9831D /* DashboardGalleryView.swift in Sources */ = {isa = PBXBuildFile; fileRef = 8469EB3425B943C800A9831D /* DashboardGalleryView.swift */; };
		8469EB3625B943C800A9831D /* DashboardGalleryView.swift in Sources */ = {isa = PBXBuildFile; fileRef = 8469EB3425B943C800A9831D /* DashboardGalleryView.swift */; };
		8469EB4D25B9D25100A9831D /* Navigation.swift in Sources */ = {isa = PBXBuildFile; fileRef = 8469EB4C25B9D25100A9831D /* Navigation.swift */; };
		8469EB5625B9D28600A9831D /* Navigation.swift in Sources */ = {isa = PBXBuildFile; fileRef = 8469EB4C25B9D25100A9831D /* Navigation.swift */; };
		846B2F8F25B1E2CE00077E01 /* InfoPlist.strings in Resources */ = {isa = PBXBuildFile; fileRef = 846B2F9225B1E2CE00077E01 /* InfoPlist.strings */; };
		846B2F9025B1E2CE00077E01 /* InfoPlist.strings in Resources */ = {isa = PBXBuildFile; fileRef = 846B2F9225B1E2CE00077E01 /* InfoPlist.strings */; };
		846CC5B725A359DD007A8AE8 /* NominationJSON.swift in Sources */ = {isa = PBXBuildFile; fileRef = 846CC5B625A359DD007A8AE8 /* NominationJSON.swift */; };
		846CC5B825A359DD007A8AE8 /* NominationJSON.swift in Sources */ = {isa = PBXBuildFile; fileRef = 846CC5B625A359DD007A8AE8 /* NominationJSON.swift */; };
		846CC62925A35EFF007A8AE8 /* Nomination.swift in Sources */ = {isa = PBXBuildFile; fileRef = 846CC62725A35EFF007A8AE8 /* Nomination.swift */; };
		846CC62A25A35EFF007A8AE8 /* Nomination.swift in Sources */ = {isa = PBXBuildFile; fileRef = 846CC62725A35EFF007A8AE8 /* Nomination.swift */; };
		8475B60C25C1603C002D7915 /* Assets.xcassets in Resources */ = {isa = PBXBuildFile; fileRef = 8491785B2599F81700CD967F /* Assets.xcassets */; };
		8475B61E25C1610E002D7915 /* NominationWidget.swift in Sources */ = {isa = PBXBuildFile; fileRef = 8475B61D25C1610E002D7915 /* NominationWidget.swift */; };
		8475B66725C1750F002D7915 /* Umi.swift in Sources */ = {isa = PBXBuildFile; fileRef = 84DB6EA2259A2B1F00BD915B /* Umi.swift */; };
		8475B68625C1871B002D7915 /* Localizable.strings in Resources */ = {isa = PBXBuildFile; fileRef = 84C769AA25A706A60055A3A9 /* Localizable.strings */; };
		8475B69E25C19E12002D7915 /* NominationWidgetJSON.swift in Sources */ = {isa = PBXBuildFile; fileRef = 8475B69D25C19E12002D7915 /* NominationWidgetJSON.swift */; };
		8475B69F25C19E12002D7915 /* NominationWidgetJSON.swift in Sources */ = {isa = PBXBuildFile; fileRef = 8475B69D25C19E12002D7915 /* NominationWidgetJSON.swift */; };
		8475B6A025C19E12002D7915 /* NominationWidgetJSON.swift in Sources */ = {isa = PBXBuildFile; fileRef = 8475B69D25C19E12002D7915 /* NominationWidgetJSON.swift */; };
		8475B6C925C1A4B4002D7915 /* NominationRAW.swift in Sources */ = {isa = PBXBuildFile; fileRef = 849178BD259A0D8D00CD967F /* NominationRAW.swift */; };
		8475B6CF25C1A4ED002D7915 /* NominationJSON.swift in Sources */ = {isa = PBXBuildFile; fileRef = 846CC5B625A359DD007A8AE8 /* NominationJSON.swift */; };
		8475B6DA25C1AD36002D7915 /* umi.json in Resources */ = {isa = PBXBuildFile; fileRef = 84DB6EAD259A2F8C00BD915B /* umi.json */; };
		84841DB425BC413100468C6D /* TestsUI.swift in Sources */ = {isa = PBXBuildFile; fileRef = 84841DB325BC413100468C6D /* TestsUI.swift */; };
		849178822599F81700CD967F /* PotoriApp.swift in Sources */ = {isa = PBXBuildFile; fileRef = 849178592599F81600CD967F /* PotoriApp.swift */; };
		849178832599F81700CD967F /* PotoriApp.swift in Sources */ = {isa = PBXBuildFile; fileRef = 849178592599F81600CD967F /* PotoriApp.swift */; };
		849178862599F81700CD967F /* Assets.xcassets in Resources */ = {isa = PBXBuildFile; fileRef = 8491785B2599F81700CD967F /* Assets.xcassets */; };
		849178872599F81700CD967F /* Assets.xcassets in Resources */ = {isa = PBXBuildFile; fileRef = 8491785B2599F81700CD967F /* Assets.xcassets */; };
		8491789B2599F92C00CD967F /* NominationListRow.swift in Sources */ = {isa = PBXBuildFile; fileRef = 8491789A2599F92C00CD967F /* NominationListRow.swift */; };
		8491789C2599F92C00CD967F /* NominationListRow.swift in Sources */ = {isa = PBXBuildFile; fileRef = 8491789A2599F92C00CD967F /* NominationListRow.swift */; };
		849178A7259A06E000CD967F /* NominationList.swift in Sources */ = {isa = PBXBuildFile; fileRef = 849178A6259A06E000CD967F /* NominationList.swift */; };
		849178A8259A06E000CD967F /* NominationList.swift in Sources */ = {isa = PBXBuildFile; fileRef = 849178A6259A06E000CD967F /* NominationList.swift */; };
		849178BE259A0D8D00CD967F /* NominationRAW.swift in Sources */ = {isa = PBXBuildFile; fileRef = 849178BD259A0D8D00CD967F /* NominationRAW.swift */; };
		849178BF259A0D8D00CD967F /* NominationRAW.swift in Sources */ = {isa = PBXBuildFile; fileRef = 849178BD259A0D8D00CD967F /* NominationRAW.swift */; };
		8497C76925B81BB500B88C12 /* Reason.swift in Sources */ = {isa = PBXBuildFile; fileRef = 8497C76825B81BB500B88C12 /* Reason.swift */; };
		8497C76A25B81BB500B88C12 /* Reason.swift in Sources */ = {isa = PBXBuildFile; fileRef = 8497C76825B81BB500B88C12 /* Reason.swift */; };
		84A01DD725A609C7006080BF /* Preferences.swift in Sources */ = {isa = PBXBuildFile; fileRef = 84A01DD625A609C7006080BF /* Preferences.swift */; };
		84A01DD825A609C7006080BF /* Preferences.swift in Sources */ = {isa = PBXBuildFile; fileRef = 84A01DD625A609C7006080BF /* Preferences.swift */; };
		84B8A54725B85045000B0C0E /* DashboardCardView.swift in Sources */ = {isa = PBXBuildFile; fileRef = 84B8A54625B85045000B0C0E /* DashboardCardView.swift */; };
		84B8A54825B85045000B0C0E /* DashboardCardView.swift in Sources */ = {isa = PBXBuildFile; fileRef = 84B8A54625B85045000B0C0E /* DashboardCardView.swift */; };
		84BFD364259F46530047318D /* Mari.swift in Sources */ = {isa = PBXBuildFile; fileRef = 84BFD363259F46530047318D /* Mari.swift */; };
		84BFD365259F46530047318D /* Mari.swift in Sources */ = {isa = PBXBuildFile; fileRef = 84BFD363259F46530047318D /* Mari.swift */; };
		84C769A725A706A60055A3A9 /* Localizable.strings in Resources */ = {isa = PBXBuildFile; fileRef = 84C769AA25A706A60055A3A9 /* Localizable.strings */; };
		84C769A825A706A60055A3A9 /* Localizable.strings in Resources */ = {isa = PBXBuildFile; fileRef = 84C769AA25A706A60055A3A9 /* Localizable.strings */; };
		84CCEDC2259CB5470040917E /* RemoteImage.swift in Sources */ = {isa = PBXBuildFile; fileRef = 84CCEDC1259CB5470040917E /* RemoteImage.swift */; };
		84CCEDC3259CB5470040917E /* RemoteImage.swift in Sources */ = {isa = PBXBuildFile; fileRef = 84CCEDC1259CB5470040917E /* RemoteImage.swift */; };
		84DB6EA3259A2B1F00BD915B /* Umi.swift in Sources */ = {isa = PBXBuildFile; fileRef = 84DB6EA2259A2B1F00BD915B /* Umi.swift */; };
		84DB6EA4259A2B1F00BD915B /* Umi.swift in Sources */ = {isa = PBXBuildFile; fileRef = 84DB6EA2259A2B1F00BD915B /* Umi.swift */; };
		84DB6EAE259A2F8C00BD915B /* umi.json in Resources */ = {isa = PBXBuildFile; fileRef = 84DB6EAD259A2F8C00BD915B /* umi.json */; };
		84DB6EAF259A2F8C00BD915B /* umi.json in Resources */ = {isa = PBXBuildFile; fileRef = 84DB6EAD259A2F8C00BD915B /* umi.json */; };
		84DB6ED1259A3D5D00BD915B /* Service.swift in Sources */ = {isa = PBXBuildFile; fileRef = 84DB6ED0259A3D5D00BD915B /* Service.swift */; };
		84DB6ED2259A3D5D00BD915B /* Service.swift in Sources */ = {isa = PBXBuildFile; fileRef = 84DB6ED0259A3D5D00BD915B /* Service.swift */; };
		84DDF8E025C1B39100942E87 /* WidgetKit.framework in Frameworks */ = {isa = PBXBuildFile; fileRef = 84EA8F8B25C15FE200BB924A /* WidgetKit.framework */; };
		84DDF8E125C1B39100942E87 /* SwiftUI.framework in Frameworks */ = {isa = PBXBuildFile; fileRef = 84EA8F8D25C15FE200BB924A /* SwiftUI.framework */; };
		84DDF8EE25C1B39200942E87 /* Widget Extension macOS.appex in Embed App Extensions */ = {isa = PBXBuildFile; fileRef = 84DDF8DF25C1B39100942E87 /* Widget Extension macOS.appex */; settings = {ATTRIBUTES = (RemoveHeadersOnCopy, ); }; };
		84DDF91E25C1B54A00942E87 /* Widget.intentdefinition in Sources */ = {isa = PBXBuildFile; fileRef = 84EA8F9225C15FE200BB924A /* Widget.intentdefinition */; };
		84DDF92525C1B54D00942E87 /* PotoriWidget.swift in Sources */ = {isa = PBXBuildFile; fileRef = 84EA8F9025C15FE200BB924A /* PotoriWidget.swift */; };
		84DDF92C25C1B55000942E87 /* NominationWidget.swift in Sources */ = {isa = PBXBuildFile; fileRef = 8475B61D25C1610E002D7915 /* NominationWidget.swift */; };
		84DDF93925C1B58400942E87 /* NominationWidgetJSON.swift in Sources */ = {isa = PBXBuildFile; fileRef = 8475B69D25C19E12002D7915 /* NominationWidgetJSON.swift */; };
		84DDF94025C1B58700942E87 /* NominationRAW.swift in Sources */ = {isa = PBXBuildFile; fileRef = 849178BD259A0D8D00CD967F /* NominationRAW.swift */; };
		84DDF94725C1B59400942E87 /* Umi.swift in Sources */ = {isa = PBXBuildFile; fileRef = 84DB6EA2259A2B1F00BD915B /* Umi.swift */; };
		84DDF94E25C1B59800942E87 /* umi.json in Resources */ = {isa = PBXBuildFile; fileRef = 84DB6EAD259A2F8C00BD915B /* umi.json */; };
		84DDF95525C1B59B00942E87 /* Assets.xcassets in Resources */ = {isa = PBXBuildFile; fileRef = 8491785B2599F81700CD967F /* Assets.xcassets */; };
		84DDF95C25C1B5B300942E87 /* NominationJSON.swift in Sources */ = {isa = PBXBuildFile; fileRef = 846CC5B625A359DD007A8AE8 /* NominationJSON.swift */; };
		84DDF96325C1B5E500942E87 /* Localizable.strings in Resources */ = {isa = PBXBuildFile; fileRef = 84C769AA25A706A60055A3A9 /* Localizable.strings */; };
		84E2EBA425BC428D007B2000 /* TestsUmi.swift in Sources */ = {isa = PBXBuildFile; fileRef = 84E2EBA325BC428D007B2000 /* TestsUmi.swift */; };
		84E2EBA825BC42A8007B2000 /* Umi.swift in Sources */ = {isa = PBXBuildFile; fileRef = 84DB6EA2259A2B1F00BD915B /* Umi.swift */; };
		84E2EBAF25BC4BE1007B2000 /* umi.json in Resources */ = {isa = PBXBuildFile; fileRef = 84DB6EAD259A2F8C00BD915B /* umi.json */; };
		84E2EBBA25BC4F91007B2000 /* TestsUI.swift in Sources */ = {isa = PBXBuildFile; fileRef = 84E2EBB925BC4F91007B2000 /* TestsUI.swift */; };
		84E97F9025A4A4900031FE3B /* GoogleAPIClientForREST_Drive in Frameworks */ = {isa = PBXBuildFile; productRef = 84E97F8F25A4A4900031FE3B /* GoogleAPIClientForREST_Drive */; };
		84E97F9225A4A49B0031FE3B /* GoogleAPIClientForREST_Drive in Frameworks */ = {isa = PBXBuildFile; productRef = 84E97F9125A4A49B0031FE3B /* GoogleAPIClientForREST_Drive */; };
		84EA8F8C25C15FE200BB924A /* WidgetKit.framework in Frameworks */ = {isa = PBXBuildFile; fileRef = 84EA8F8B25C15FE200BB924A /* WidgetKit.framework */; };
		84EA8F8E25C15FE200BB924A /* SwiftUI.framework in Frameworks */ = {isa = PBXBuildFile; fileRef = 84EA8F8D25C15FE200BB924A /* SwiftUI.framework */; };
		84EA8F9125C15FE200BB924A /* PotoriWidget.swift in Sources */ = {isa = PBXBuildFile; fileRef = 84EA8F9025C15FE200BB924A /* PotoriWidget.swift */; };
		84EA8F9625C15FE300BB924A /* Widget.intentdefinition in Sources */ = {isa = PBXBuildFile; fileRef = 84EA8F9225C15FE200BB924A /* Widget.intentdefinition */; };
		84EA8F9725C15FE300BB924A /* Widget.intentdefinition in Sources */ = {isa = PBXBuildFile; fileRef = 84EA8F9225C15FE200BB924A /* Widget.intentdefinition */; };
		84EA8F9A25C15FE300BB924A /* Widget Extension iOS.appex in Embed App Extensions */ = {isa = PBXBuildFile; fileRef = 84EA8F8925C15FE200BB924A /* Widget Extension iOS.appex */; settings = {ATTRIBUTES = (RemoveHeadersOnCopy, ); }; };
		84F7359B25B830E8003DE878 /* DashboardView.swift in Sources */ = {isa = PBXBuildFile; fileRef = 84F7359A25B830E8003DE878 /* DashboardView.swift */; };
		84F7359C25B830E8003DE878 /* DashboardView.swift in Sources */ = {isa = PBXBuildFile; fileRef = 84F7359A25B830E8003DE878 /* DashboardView.swift */; };
		84F735A625B83169003DE878 /* DashboardHighlightView.swift in Sources */ = {isa = PBXBuildFile; fileRef = 84F735A525B83169003DE878 /* DashboardHighlightView.swift */; };
		84F735A725B83169003DE878 /* DashboardHighlightView.swift in Sources */ = {isa = PBXBuildFile; fileRef = 84F735A525B83169003DE878 /* DashboardHighlightView.swift */; };
		84F97C71259B6978005D9AA4 /* NominationDetails.swift in Sources */ = {isa = PBXBuildFile; fileRef = 84F97C70259B6978005D9AA4 /* NominationDetails.swift */; };
		84F97C72259B6978005D9AA4 /* NominationDetails.swift in Sources */ = {isa = PBXBuildFile; fileRef = 84F97C70259B6978005D9AA4 /* NominationDetails.swift */; };
		84F97C78259B7474005D9AA4 /* ContentView.swift in Sources */ = {isa = PBXBuildFile; fileRef = 84F97C77259B7474005D9AA4 /* ContentView.swift */; };
		84F97C79259B7474005D9AA4 /* ContentView.swift in Sources */ = {isa = PBXBuildFile; fileRef = 84F97C77259B7474005D9AA4 /* ContentView.swift */; };
		84F97CBB259BADB7005D9AA4 /* NominationDetailsMap.swift in Sources */ = {isa = PBXBuildFile; fileRef = 84F97CBA259BADB7005D9AA4 /* NominationDetailsMap.swift */; };
		84F97CBC259BADB7005D9AA4 /* NominationDetailsMap.swift in Sources */ = {isa = PBXBuildFile; fileRef = 84F97CBA259BADB7005D9AA4 /* NominationDetailsMap.swift */; };
/* End PBXBuildFile section */

/* Begin PBXContainerItemProxy section */
		84841DB625BC413100468C6D /* PBXContainerItemProxy */ = {
			isa = PBXContainerItemProxy;
			containerPortal = 849178542599F81600CD967F /* Project object */;
			proxyType = 1;
			remoteGlobalIDString = 849178672599F81700CD967F;
			remoteInfo = macOS;
		};
		84DDF8EC25C1B39200942E87 /* PBXContainerItemProxy */ = {
			isa = PBXContainerItemProxy;
			containerPortal = 849178542599F81600CD967F /* Project object */;
			proxyType = 1;
			remoteGlobalIDString = 84DDF8DE25C1B39100942E87;
			remoteInfo = "Widget macOSExtension";
		};
		84E2EBBC25BC4F91007B2000 /* PBXContainerItemProxy */ = {
			isa = PBXContainerItemProxy;
			containerPortal = 849178542599F81600CD967F /* Project object */;
			proxyType = 1;
			remoteGlobalIDString = 8491785F2599F81700CD967F;
			remoteInfo = iOS;
		};
		84EA8F9825C15FE300BB924A /* PBXContainerItemProxy */ = {
			isa = PBXContainerItemProxy;
			containerPortal = 849178542599F81600CD967F /* Project object */;
			proxyType = 1;
			remoteGlobalIDString = 84EA8F8825C15FE200BB924A;
			remoteInfo = "Widget iOSExtension";
		};
/* End PBXContainerItemProxy section */

/* Begin PBXCopyFilesBuildPhase section */
		84DDF8F225C1B39200942E87 /* Embed App Extensions */ = {
			isa = PBXCopyFilesBuildPhase;
			buildActionMask = 2147483647;
			dstPath = "";
			dstSubfolderSpec = 13;
			files = (
				84DDF8EE25C1B39200942E87 /* Widget Extension macOS.appex in Embed App Extensions */,
			);
			name = "Embed App Extensions";
			runOnlyForDeploymentPostprocessing = 0;
		};
		84EA8F9B25C15FE300BB924A /* Embed App Extensions */ = {
			isa = PBXCopyFilesBuildPhase;
			buildActionMask = 2147483647;
			dstPath = "";
			dstSubfolderSpec = 13;
			files = (
				84EA8F9A25C15FE300BB924A /* Widget Extension iOS.appex in Embed App Extensions */,
			);
			name = "Embed App Extensions";
			runOnlyForDeploymentPostprocessing = 0;
		};
/* End PBXCopyFilesBuildPhase section */

/* Begin PBXFileReference section */
		8400654125AAEBD000ED76B4 /* README.md */ = {isa = PBXFileReference; lastKnownFileType = net.daringfireball.markdown; path = README.md; sourceTree = "<group>"; };
		8400654625AAF3AA00ED76B4 /* LICENSE */ = {isa = PBXFileReference; lastKnownFileType = text; path = LICENSE; sourceTree = "<group>"; };
		840A15EF25BCA48B00541ED5 /* CardBackground.swift */ = {isa = PBXFileReference; lastKnownFileType = sourcecode.swift; path = CardBackground.swift; sourceTree = "<group>"; };
		840A15F625BD62D200541ED5 /* DashboardScannersView.swift */ = {isa = PBXFileReference; lastKnownFileType = sourcecode.swift; path = DashboardScannersView.swift; sourceTree = "<group>"; };
		84177FB125B2DE81009CC4E9 /* MatchKit.swift */ = {isa = PBXFileReference; lastKnownFileType = sourcecode.swift; path = MatchKit.swift; sourceTree = "<group>"; };
		84177FB825B2F079009CC4E9 /* MatchView.swift */ = {isa = PBXFileReference; lastKnownFileType = sourcecode.swift; path = MatchView.swift; sourceTree = "<group>"; };
		842F6C6B259CAA7A0063DCFE /* PotoriCommands.swift */ = {isa = PBXFileReference; lastKnownFileType = sourcecode.swift; path = PotoriCommands.swift; sourceTree = "<group>"; };
		8434023B25BECF7100DCFFCB /* NominationContextMenu.swift */ = {isa = PBXFileReference; lastKnownFileType = sourcecode.swift; path = NominationContextMenu.swift; sourceTree = "<group>"; };
		8434024225C03A9600DCFFCB /* UNUserNotificationCenter.swift */ = {isa = PBXFileReference; lastKnownFileType = sourcecode.swift; path = UNUserNotificationCenter.swift; sourceTree = "<group>"; };
		843463E525B20E3D008A03CB /* pre-build.sh */ = {isa = PBXFileReference; lastKnownFileType = text.script.sh; path = "pre-build.sh"; sourceTree = "<group>"; };
		843BEF37259F07CF00FC17F9 /* TabNavigation.swift */ = {isa = PBXFileReference; lastKnownFileType = sourcecode.swift; path = TabNavigation.swift; sourceTree = "<group>"; };
		843BEF47259F0CD600FC17F9 /* SidebarNavigation.swift */ = {isa = PBXFileReference; lastKnownFileType = sourcecode.swift; path = SidebarNavigation.swift; sourceTree = "<group>"; };
		84495F2D259A140D00BA238A /* nominations.json */ = {isa = PBXFileReference; fileEncoding = 4; lastKnownFileType = text.json; path = nominations.json; sourceTree = "<group>"; };
		844A9AAD25A4BD21003E44B5 /* PreferencesView.swift */ = {isa = PBXFileReference; lastKnownFileType = sourcecode.swift; path = PreferencesView.swift; sourceTree = "<group>"; };
		8462D077259F9C330031AD0D /* AppDelegate.swift */ = {isa = PBXFileReference; lastKnownFileType = sourcecode.swift; path = AppDelegate.swift; sourceTree = "<group>"; };
		8462D087259FBA030031AD0D /* NominationMap.swift */ = {isa = PBXFileReference; lastKnownFileType = sourcecode.swift; path = NominationMap.swift; sourceTree = "<group>"; };
		846645EB25A8DAA200DD37D1 /* GoogleKit.swift */ = {isa = PBXFileReference; lastKnownFileType = sourcecode.swift; path = GoogleKit.swift; sourceTree = "<group>"; };
		8468A22B25A33784009B562D /* Potori.xcdatamodel */ = {isa = PBXFileReference; lastKnownFileType = wrapper.xcdatamodel; path = Potori.xcdatamodel; sourceTree = "<group>"; };
		8469EB1A25B88A2600A9831D /* DashboardReasonsView.swift */ = {isa = PBXFileReference; lastKnownFileType = sourcecode.swift; path = DashboardReasonsView.swift; sourceTree = "<group>"; };
		8469EB2925B93EF800A9831D /* DashboardStatusView.swift */ = {isa = PBXFileReference; lastKnownFileType = sourcecode.swift; path = DashboardStatusView.swift; sourceTree = "<group>"; };
		8469EB3425B943C800A9831D /* DashboardGalleryView.swift */ = {isa = PBXFileReference; lastKnownFileType = sourcecode.swift; path = DashboardGalleryView.swift; sourceTree = "<group>"; };
		8469EB4C25B9D25100A9831D /* Navigation.swift */ = {isa = PBXFileReference; lastKnownFileType = sourcecode.swift; path = Navigation.swift; sourceTree = "<group>"; };
		846B2F9125B1E2CE00077E01 /* en */ = {isa = PBXFileReference; lastKnownFileType = text.plist.strings; name = en; path = en.lproj/InfoPlist.strings; sourceTree = "<group>"; };
		846B2F9725B1E2D300077E01 /* zh-Hans */ = {isa = PBXFileReference; lastKnownFileType = text.plist.strings; name = "zh-Hans"; path = "zh-Hans.lproj/InfoPlist.strings"; sourceTree = "<group>"; };
		846CC5B625A359DD007A8AE8 /* NominationJSON.swift */ = {isa = PBXFileReference; lastKnownFileType = sourcecode.swift; path = NominationJSON.swift; sourceTree = "<group>"; };
		846CC62725A35EFF007A8AE8 /* Nomination.swift */ = {isa = PBXFileReference; lastKnownFileType = sourcecode.swift; path = Nomination.swift; sourceTree = "<group>"; };
		8475B61D25C1610E002D7915 /* NominationWidget.swift */ = {isa = PBXFileReference; lastKnownFileType = sourcecode.swift; path = NominationWidget.swift; sourceTree = "<group>"; };
		8475B68C25C18A02002D7915 /* Widget Extension.entitlements */ = {isa = PBXFileReference; lastKnownFileType = text.plist.entitlements; path = "Widget Extension.entitlements"; sourceTree = "<group>"; };
		8475B69225C18B69002D7915 /* Potori.entitlements */ = {isa = PBXFileReference; lastKnownFileType = text.plist.entitlements; path = Potori.entitlements; sourceTree = "<group>"; };
		8475B69D25C19E12002D7915 /* NominationWidgetJSON.swift */ = {isa = PBXFileReference; lastKnownFileType = sourcecode.swift; path = NominationWidgetJSON.swift; sourceTree = "<group>"; };
		84841DB125BC413100468C6D /* Tests macOS.xctest */ = {isa = PBXFileReference; explicitFileType = wrapper.cfbundle; includeInIndex = 0; path = "Tests macOS.xctest"; sourceTree = BUILT_PRODUCTS_DIR; };
		84841DB325BC413100468C6D /* TestsUI.swift */ = {isa = PBXFileReference; lastKnownFileType = sourcecode.swift; path = TestsUI.swift; sourceTree = "<group>"; };
		84841DB525BC413100468C6D /* Info.plist */ = {isa = PBXFileReference; lastKnownFileType = text.plist.xml; path = Info.plist; sourceTree = "<group>"; };
		849178592599F81600CD967F /* PotoriApp.swift */ = {isa = PBXFileReference; lastKnownFileType = sourcecode.swift; path = PotoriApp.swift; sourceTree = "<group>"; };
		8491785B2599F81700CD967F /* Assets.xcassets */ = {isa = PBXFileReference; lastKnownFileType = folder.assetcatalog; path = Assets.xcassets; sourceTree = "<group>"; };
		849178602599F81700CD967F /* Potori.app */ = {isa = PBXFileReference; explicitFileType = wrapper.application; includeInIndex = 0; path = Potori.app; sourceTree = BUILT_PRODUCTS_DIR; };
		849178632599F81700CD967F /* Info.plist */ = {isa = PBXFileReference; lastKnownFileType = text.plist.xml; path = Info.plist; sourceTree = "<group>"; };
		849178682599F81700CD967F /* Potori.app */ = {isa = PBXFileReference; explicitFileType = wrapper.application; includeInIndex = 0; path = Potori.app; sourceTree = BUILT_PRODUCTS_DIR; };
		8491786A2599F81700CD967F /* Info.plist */ = {isa = PBXFileReference; lastKnownFileType = text.plist.xml; path = Info.plist; sourceTree = "<group>"; };
		8491786B2599F81700CD967F /* macOS.entitlements */ = {isa = PBXFileReference; lastKnownFileType = text.plist.entitlements; path = macOS.entitlements; sourceTree = "<group>"; };
		8491789A2599F92C00CD967F /* NominationListRow.swift */ = {isa = PBXFileReference; lastKnownFileType = sourcecode.swift; path = NominationListRow.swift; sourceTree = "<group>"; };
		849178A6259A06E000CD967F /* NominationList.swift */ = {isa = PBXFileReference; lastKnownFileType = sourcecode.swift; path = NominationList.swift; sourceTree = "<group>"; };
		849178BD259A0D8D00CD967F /* NominationRAW.swift */ = {isa = PBXFileReference; lastKnownFileType = sourcecode.swift; path = NominationRAW.swift; sourceTree = "<group>"; };
		8497C76825B81BB500B88C12 /* Reason.swift */ = {isa = PBXFileReference; lastKnownFileType = sourcecode.swift; path = Reason.swift; sourceTree = "<group>"; };
		84A01DD625A609C7006080BF /* Preferences.swift */ = {isa = PBXFileReference; lastKnownFileType = sourcecode.swift; path = Preferences.swift; sourceTree = "<group>"; };
		84B8A54625B85045000B0C0E /* DashboardCardView.swift */ = {isa = PBXFileReference; lastKnownFileType = sourcecode.swift; path = DashboardCardView.swift; sourceTree = "<group>"; };
		84BFD363259F46530047318D /* Mari.swift */ = {isa = PBXFileReference; lastKnownFileType = sourcecode.swift; path = Mari.swift; sourceTree = "<group>"; };
		84C769A925A706A60055A3A9 /* en */ = {isa = PBXFileReference; lastKnownFileType = text.plist.strings; name = en; path = en.lproj/Localizable.strings; sourceTree = "<group>"; };
		84C769C325A714410055A3A9 /* zh-Hans */ = {isa = PBXFileReference; lastKnownFileType = text.plist.strings; name = "zh-Hans"; path = "zh-Hans.lproj/Localizable.strings"; sourceTree = "<group>"; };
		84CCEDC1259CB5470040917E /* RemoteImage.swift */ = {isa = PBXFileReference; lastKnownFileType = sourcecode.swift; path = RemoteImage.swift; sourceTree = "<group>"; };
		84DB6EA2259A2B1F00BD915B /* Umi.swift */ = {isa = PBXFileReference; lastKnownFileType = sourcecode.swift; path = Umi.swift; sourceTree = "<group>"; };
		84DB6EAD259A2F8C00BD915B /* umi.json */ = {isa = PBXFileReference; fileEncoding = 4; lastKnownFileType = text.json; path = umi.json; sourceTree = "<group>"; };
		84DB6ED0259A3D5D00BD915B /* Service.swift */ = {isa = PBXFileReference; lastKnownFileType = sourcecode.swift; path = Service.swift; sourceTree = "<group>"; };
		84DDF8DF25C1B39100942E87 /* Widget Extension macOS.appex */ = {isa = PBXFileReference; explicitFileType = "wrapper.app-extension"; includeInIndex = 0; path = "Widget Extension macOS.appex"; sourceTree = BUILT_PRODUCTS_DIR; };
		84DDF8E825C1B39200942E87 /* Info.plist */ = {isa = PBXFileReference; lastKnownFileType = text.plist.xml; path = Info.plist; sourceTree = "<group>"; };
		84DDF8E925C1B39200942E87 /* Widget Extension.entitlements */ = {isa = PBXFileReference; lastKnownFileType = text.plist.entitlements; path = "Widget Extension.entitlements"; sourceTree = "<group>"; };
		84E2EBA325BC428D007B2000 /* TestsUmi.swift */ = {isa = PBXFileReference; lastKnownFileType = sourcecode.swift; path = TestsUmi.swift; sourceTree = "<group>"; };
		84E2EBB725BC4F91007B2000 /* Tests iOS.xctest */ = {isa = PBXFileReference; explicitFileType = wrapper.cfbundle; includeInIndex = 0; path = "Tests iOS.xctest"; sourceTree = BUILT_PRODUCTS_DIR; };
		84E2EBB925BC4F91007B2000 /* TestsUI.swift */ = {isa = PBXFileReference; lastKnownFileType = sourcecode.swift; path = TestsUI.swift; sourceTree = "<group>"; };
		84E2EBBB25BC4F91007B2000 /* Info.plist */ = {isa = PBXFileReference; lastKnownFileType = text.plist.xml; path = Info.plist; sourceTree = "<group>"; };
		84EA8F8925C15FE200BB924A /* Widget Extension iOS.appex */ = {isa = PBXFileReference; explicitFileType = "wrapper.app-extension"; includeInIndex = 0; path = "Widget Extension iOS.appex"; sourceTree = BUILT_PRODUCTS_DIR; };
		84EA8F8B25C15FE200BB924A /* WidgetKit.framework */ = {isa = PBXFileReference; lastKnownFileType = wrapper.framework; name = WidgetKit.framework; path = System/Library/Frameworks/WidgetKit.framework; sourceTree = SDKROOT; };
		84EA8F8D25C15FE200BB924A /* SwiftUI.framework */ = {isa = PBXFileReference; lastKnownFileType = wrapper.framework; name = SwiftUI.framework; path = System/Library/Frameworks/SwiftUI.framework; sourceTree = SDKROOT; };
		84EA8F9025C15FE200BB924A /* PotoriWidget.swift */ = {isa = PBXFileReference; lastKnownFileType = sourcecode.swift; path = PotoriWidget.swift; sourceTree = "<group>"; };
		84EA8F9225C15FE200BB924A /* Widget.intentdefinition */ = {isa = PBXFileReference; lastKnownFileType = file.intentdefinition; path = Widget.intentdefinition; sourceTree = "<group>"; };
		84EA8F9525C15FE300BB924A /* Info.plist */ = {isa = PBXFileReference; lastKnownFileType = text.plist.xml; path = Info.plist; sourceTree = "<group>"; };
		84F7359A25B830E8003DE878 /* DashboardView.swift */ = {isa = PBXFileReference; lastKnownFileType = sourcecode.swift; path = DashboardView.swift; sourceTree = "<group>"; };
		84F735A525B83169003DE878 /* DashboardHighlightView.swift */ = {isa = PBXFileReference; lastKnownFileType = sourcecode.swift; path = DashboardHighlightView.swift; sourceTree = "<group>"; };
		84F97C70259B6978005D9AA4 /* NominationDetails.swift */ = {isa = PBXFileReference; lastKnownFileType = sourcecode.swift; path = NominationDetails.swift; sourceTree = "<group>"; };
		84F97C77259B7474005D9AA4 /* ContentView.swift */ = {isa = PBXFileReference; lastKnownFileType = sourcecode.swift; path = ContentView.swift; sourceTree = "<group>"; };
		84F97CBA259BADB7005D9AA4 /* NominationDetailsMap.swift */ = {isa = PBXFileReference; lastKnownFileType = sourcecode.swift; path = NominationDetailsMap.swift; sourceTree = "<group>"; };
/* End PBXFileReference section */

/* Begin PBXFrameworksBuildPhase section */
		84841DAE25BC413100468C6D /* Frameworks */ = {
			isa = PBXFrameworksBuildPhase;
			buildActionMask = 2147483647;
			files = (
			);
			runOnlyForDeploymentPostprocessing = 0;
		};
		8491785D2599F81700CD967F /* Frameworks */ = {
			isa = PBXFrameworksBuildPhase;
			buildActionMask = 2147483647;
			files = (
				84E97F9225A4A49B0031FE3B /* GoogleAPIClientForREST_Drive in Frameworks */,
				844E157F25A065FB00A79C9E /* GoogleAPIClientForRESTCore in Frameworks */,
				8400355E259F7732003C97EA /* AppAuth in Frameworks */,
				844E157725A0659300A79C9E /* GoogleAPIClientForREST_Gmail in Frameworks */,
				844E157925A065A000A79C9E /* GTMSessionFetcher in Frameworks */,
				8400354F259F58E3003C97EA /* GTMAppAuth in Frameworks */,
			);
			runOnlyForDeploymentPostprocessing = 0;
		};
		849178652599F81700CD967F /* Frameworks */ = {
			isa = PBXFrameworksBuildPhase;
			buildActionMask = 2147483647;
			files = (
				84E97F9025A4A4900031FE3B /* GoogleAPIClientForREST_Drive in Frameworks */,
				844E158125A0660200A79C9E /* GoogleAPIClientForRESTCore in Frameworks */,
				84003556259F613F003C97EA /* AppAuth in Frameworks */,
				8462D0A525A0643F0031AD0D /* GoogleAPIClientForREST_Gmail in Frameworks */,
				844E157125A0657300A79C9E /* GTMSessionFetcher in Frameworks */,
				84003545259F58DC003C97EA /* GTMAppAuth in Frameworks */,
			);
			runOnlyForDeploymentPostprocessing = 0;
		};
		84DDF8DC25C1B39100942E87 /* Frameworks */ = {
			isa = PBXFrameworksBuildPhase;
			buildActionMask = 2147483647;
			files = (
				84DDF8E125C1B39100942E87 /* SwiftUI.framework in Frameworks */,
				84DDF8E025C1B39100942E87 /* WidgetKit.framework in Frameworks */,
			);
			runOnlyForDeploymentPostprocessing = 0;
		};
		84E2EBB425BC4F91007B2000 /* Frameworks */ = {
			isa = PBXFrameworksBuildPhase;
			buildActionMask = 2147483647;
			files = (
			);
			runOnlyForDeploymentPostprocessing = 0;
		};
		84EA8F8625C15FE200BB924A /* Frameworks */ = {
			isa = PBXFrameworksBuildPhase;
			buildActionMask = 2147483647;
			files = (
				84EA8F8E25C15FE200BB924A /* SwiftUI.framework in Frameworks */,
				84EA8F8C25C15FE200BB924A /* WidgetKit.framework in Frameworks */,
			);
			runOnlyForDeploymentPostprocessing = 0;
		};
/* End PBXFrameworksBuildPhase section */

/* Begin PBXGroup section */
		840A15E325BCA41500541ED5 /* Basic */ = {
			isa = PBXGroup;
			children = (
				84CCEDC1259CB5470040917E /* RemoteImage.swift */,
				840A15EF25BCA48B00541ED5 /* CardBackground.swift */,
				8434023B25BECF7100DCFFCB /* NominationContextMenu.swift */,
			);
			path = Basic;
			sourceTree = "<group>";
		};
		8418510225B823900094470A /* Dashboard */ = {
			isa = PBXGroup;
			children = (
				84B8A54625B85045000B0C0E /* DashboardCardView.swift */,
				8469EB3425B943C800A9831D /* DashboardGalleryView.swift */,
				84F735A525B83169003DE878 /* DashboardHighlightView.swift */,
				8469EB1A25B88A2600A9831D /* DashboardReasonsView.swift */,
				840A15F625BD62D200541ED5 /* DashboardScannersView.swift */,
				8469EB2925B93EF800A9831D /* DashboardStatusView.swift */,
				84F7359A25B830E8003DE878 /* DashboardView.swift */,
			);
			path = Dashboard;
			sourceTree = "<group>";
		};
		8434025525C0417F00DCFFCB /* Extensions */ = {
			isa = PBXGroup;
			children = (
				8434024225C03A9600DCFFCB /* UNUserNotificationCenter.swift */,
			);
			path = Extensions;
			sourceTree = "<group>";
		};
		843463DB25B20D7D008A03CB /* Scripts */ = {
			isa = PBXGroup;
			children = (
				843463E525B20E3D008A03CB /* pre-build.sh */,
			);
			path = Scripts;
			sourceTree = "<group>";
		};
		843BEF23259F017800FC17F9 /* NominationList */ = {
			isa = PBXGroup;
			children = (
				849178A6259A06E000CD967F /* NominationList.swift */,
				8491789A2599F92C00CD967F /* NominationListRow.swift */,
			);
			path = NominationList;
			sourceTree = "<group>";
		};
		843BEF28259F018300FC17F9 /* NominationDetails */ = {
			isa = PBXGroup;
			children = (
				84F97C70259B6978005D9AA4 /* NominationDetails.swift */,
				84F97CBA259BADB7005D9AA4 /* NominationDetailsMap.swift */,
			);
			path = NominationDetails;
			sourceTree = "<group>";
		};
		843BEF5A259F32AB00FC17F9 /* Views */ = {
			isa = PBXGroup;
			children = (
				843BEF37259F07CF00FC17F9 /* TabNavigation.swift */,
			);
			path = Views;
			sourceTree = "<group>";
		};
		84495F3A259A149100BA238A /* Resources */ = {
			isa = PBXGroup;
			children = (
				84495F2D259A140D00BA238A /* nominations.json */,
				84DB6EAD259A2F8C00BD915B /* umi.json */,
			);
			path = Resources;
			sourceTree = "<group>";
		};
		8466460225A9F9D300DD37D1 /* Localization */ = {
			isa = PBXGroup;
			children = (
				846B2F9225B1E2CE00077E01 /* InfoPlist.strings */,
				84C769AA25A706A60055A3A9 /* Localizable.strings */,
			);
			path = Localization;
			sourceTree = "<group>";
		};
		8468A23C25A33BD0009B562D /* Data */ = {
			isa = PBXGroup;
			children = (
				846CC62725A35EFF007A8AE8 /* Nomination.swift */,
				846CC5B625A359DD007A8AE8 /* NominationJSON.swift */,
				849178BD259A0D8D00CD967F /* NominationRAW.swift */,
				8475B69D25C19E12002D7915 /* NominationWidgetJSON.swift */,
				8497C76825B81BB500B88C12 /* Reason.swift */,
				8468A22A25A33784009B562D /* Potori.xcdatamodeld */,
			);
			path = Data;
			sourceTree = "<group>";
		};
		8469EB4B25B9D24300A9831D /* Navigation */ = {
			isa = PBXGroup;
			children = (
				8469EB4C25B9D25100A9831D /* Navigation.swift */,
				843BEF47259F0CD600FC17F9 /* SidebarNavigation.swift */,
			);
			path = Navigation;
			sourceTree = "<group>";
		};
		8475B6E025C1B1E0002D7915 /* iOS */ = {
			isa = PBXGroup;
			children = (
				8475B68C25C18A02002D7915 /* Widget Extension.entitlements */,
				84EA8F9525C15FE300BB924A /* Info.plist */,
			);
			path = iOS;
			sourceTree = "<group>";
		};
		84841DB225BC413100468C6D /* macOS */ = {
			isa = PBXGroup;
			children = (
				84841DB325BC413100468C6D /* TestsUI.swift */,
				84841DB525BC413100468C6D /* Info.plist */,
			);
			path = macOS;
			sourceTree = "<group>";
		};
		849178532599F81600CD967F = {
			isa = PBXGroup;
			children = (
				8400654625AAF3AA00ED76B4 /* LICENSE */,
				8400654125AAEBD000ED76B4 /* README.md */,
				84EA8F8A25C15FE200BB924A /* Frameworks */,
				849178622599F81700CD967F /* iOS */,
				849178692599F81700CD967F /* macOS */,
				849178612599F81700CD967F /* Products */,
				843463DB25B20D7D008A03CB /* Scripts */,
				849178582599F81600CD967F /* Shared */,
				84DDF9A025C1BB8700942E87 /* Tests */,
				84EA8F8F25C15FE200BB924A /* Widget */,
			);
			sourceTree = "<group>";
		};
		849178582599F81600CD967F /* Shared */ = {
			isa = PBXGroup;
			children = (
				849178592599F81600CD967F /* PotoriApp.swift */,
				8491785B2599F81700CD967F /* Assets.xcassets */,
				8468A23C25A33BD0009B562D /* Data */,
				8434025525C0417F00DCFFCB /* Extensions */,
				8466460225A9F9D300DD37D1 /* Localization */,
				84495F3A259A149100BA238A /* Resources */,
				849178B8259A0B6300CD967F /* Service */,
				849178A12599F93300CD967F /* Views */,
			);
			path = Shared;
			sourceTree = "<group>";
		};
		849178612599F81700CD967F /* Products */ = {
			isa = PBXGroup;
			children = (
				849178602599F81700CD967F /* Potori.app */,
				849178682599F81700CD967F /* Potori.app */,
				84841DB125BC413100468C6D /* Tests macOS.xctest */,
				84E2EBB725BC4F91007B2000 /* Tests iOS.xctest */,
				84EA8F8925C15FE200BB924A /* Widget Extension iOS.appex */,
				84DDF8DF25C1B39100942E87 /* Widget Extension macOS.appex */,
			);
			name = Products;
			sourceTree = "<group>";
		};
		849178622599F81700CD967F /* iOS */ = {
			isa = PBXGroup;
			children = (
				8475B69225C18B69002D7915 /* Potori.entitlements */,
				849178632599F81700CD967F /* Info.plist */,
				8462D077259F9C330031AD0D /* AppDelegate.swift */,
				843BEF5A259F32AB00FC17F9 /* Views */,
			);
			path = iOS;
			sourceTree = "<group>";
		};
		849178692599F81700CD967F /* macOS */ = {
			isa = PBXGroup;
			children = (
				8491786B2599F81700CD967F /* macOS.entitlements */,
				8491786A2599F81700CD967F /* Info.plist */,
				842F6C6B259CAA7A0063DCFE /* PotoriCommands.swift */,
			);
			path = macOS;
			sourceTree = "<group>";
		};
		849178A12599F93300CD967F /* Views */ = {
			isa = PBXGroup;
			children = (
				840A15E325BCA41500541ED5 /* Basic */,
				84F97C77259B7474005D9AA4 /* ContentView.swift */,
				8462D087259FBA030031AD0D /* NominationMap.swift */,
				84177FB825B2F079009CC4E9 /* MatchView.swift */,
				844A9AAD25A4BD21003E44B5 /* PreferencesView.swift */,
				8418510225B823900094470A /* Dashboard */,
				8469EB4B25B9D24300A9831D /* Navigation */,
				843BEF28259F018300FC17F9 /* NominationDetails */,
				843BEF23259F017800FC17F9 /* NominationList */,
			);
			path = Views;
			sourceTree = "<group>";
		};
		849178B8259A0B6300CD967F /* Service */ = {
			isa = PBXGroup;
			children = (
				846645EB25A8DAA200DD37D1 /* GoogleKit.swift */,
				84BFD363259F46530047318D /* Mari.swift */,
				84177FB125B2DE81009CC4E9 /* MatchKit.swift */,
				84A01DD625A609C7006080BF /* Preferences.swift */,
				84DB6ED0259A3D5D00BD915B /* Service.swift */,
				84DB6EA2259A2B1F00BD915B /* Umi.swift */,
			);
			path = Service;
			sourceTree = "<group>";
		};
		84DDF8D525C1B26700942E87 /* Shared */ = {
			isa = PBXGroup;
			children = (
				84EA8F9225C15FE200BB924A /* Widget.intentdefinition */,
				84EA8F9025C15FE200BB924A /* PotoriWidget.swift */,
				8475B61D25C1610E002D7915 /* NominationWidget.swift */,
			);
			path = Shared;
			sourceTree = "<group>";
		};
		84DDF90B25C1B4B800942E87 /* macOS */ = {
			isa = PBXGroup;
			children = (
				84DDF8E925C1B39200942E87 /* Widget Extension.entitlements */,
				84DDF8E825C1B39200942E87 /* Info.plist */,
			);
			path = macOS;
			sourceTree = "<group>";
		};
		84DDF9A025C1BB8700942E87 /* Tests */ = {
			isa = PBXGroup;
			children = (
				84E2EBB825BC4F91007B2000 /* iOS */,
				84841DB225BC413100468C6D /* macOS */,
				84E2EB9625BC41B1007B2000 /* Shared */,
			);
			path = Tests;
			sourceTree = "<group>";
		};
		84E2EB9625BC41B1007B2000 /* Shared */ = {
			isa = PBXGroup;
			children = (
				84E2EBA325BC428D007B2000 /* TestsUmi.swift */,
			);
			path = Shared;
			sourceTree = "<group>";
		};
		84E2EBB825BC4F91007B2000 /* iOS */ = {
			isa = PBXGroup;
			children = (
				84E2EBB925BC4F91007B2000 /* TestsUI.swift */,
				84E2EBBB25BC4F91007B2000 /* Info.plist */,
			);
			path = iOS;
			sourceTree = "<group>";
		};
		84EA8F8A25C15FE200BB924A /* Frameworks */ = {
			isa = PBXGroup;
			children = (
				84EA8F8B25C15FE200BB924A /* WidgetKit.framework */,
				84EA8F8D25C15FE200BB924A /* SwiftUI.framework */,
			);
			name = Frameworks;
			sourceTree = "<group>";
		};
		84EA8F8F25C15FE200BB924A /* Widget */ = {
			isa = PBXGroup;
			children = (
				8475B6E025C1B1E0002D7915 /* iOS */,
				84DDF90B25C1B4B800942E87 /* macOS */,
				84DDF8D525C1B26700942E87 /* Shared */,
			);
			path = Widget;
			sourceTree = "<group>";
		};
/* End PBXGroup section */

/* Begin PBXNativeTarget section */
		84841DB025BC413100468C6D /* Tests macOS */ = {
			isa = PBXNativeTarget;
			buildConfigurationList = 84841DB825BC413100468C6D /* Build configuration list for PBXNativeTarget "Tests macOS" */;
			buildPhases = (
				84841DAD25BC413100468C6D /* Sources */,
				84841DAE25BC413100468C6D /* Frameworks */,
				84841DAF25BC413100468C6D /* Resources */,
			);
			buildRules = (
			);
			dependencies = (
				84841DB725BC413100468C6D /* PBXTargetDependency */,
			);
			name = "Tests macOS";
			productName = "Tests macOS";
			productReference = 84841DB125BC413100468C6D /* Tests macOS.xctest */;
			productType = "com.apple.product-type.bundle.ui-testing";
		};
		8491785F2599F81700CD967F /* iOS */ = {
			isa = PBXNativeTarget;
			buildConfigurationList = 8491788A2599F81700CD967F /* Build configuration list for PBXNativeTarget "iOS" */;
			buildPhases = (
				8491785C2599F81700CD967F /* Sources */,
				8491785D2599F81700CD967F /* Frameworks */,
				8491785E2599F81700CD967F /* Resources */,
				84EA8F9B25C15FE300BB924A /* Embed App Extensions */,
			);
			buildRules = (
			);
			dependencies = (
				84EA8F9925C15FE300BB924A /* PBXTargetDependency */,
			);
			name = iOS;
			packageProductDependencies = (
				8400354E259F58E3003C97EA /* GTMAppAuth */,
				8400355D259F7732003C97EA /* AppAuth */,
				844E157625A0659300A79C9E /* GoogleAPIClientForREST_Gmail */,
				844E157825A065A000A79C9E /* GTMSessionFetcher */,
				844E157E25A065FB00A79C9E /* GoogleAPIClientForRESTCore */,
				84E97F9125A4A49B0031FE3B /* GoogleAPIClientForREST_Drive */,
			);
			productName = "Potori (iOS)";
			productReference = 849178602599F81700CD967F /* Potori.app */;
			productType = "com.apple.product-type.application";
		};
		849178672599F81700CD967F /* macOS */ = {
			isa = PBXNativeTarget;
			buildConfigurationList = 8491788D2599F81700CD967F /* Build configuration list for PBXNativeTarget "macOS" */;
			buildPhases = (
				849178642599F81700CD967F /* Sources */,
				849178652599F81700CD967F /* Frameworks */,
				849178662599F81700CD967F /* Resources */,
				84DDF8F225C1B39200942E87 /* Embed App Extensions */,
			);
			buildRules = (
			);
			dependencies = (
				84DDF8ED25C1B39200942E87 /* PBXTargetDependency */,
			);
			name = macOS;
			packageProductDependencies = (
				84003544259F58DC003C97EA /* GTMAppAuth */,
				84003555259F613F003C97EA /* AppAuth */,
				8462D0A425A0643F0031AD0D /* GoogleAPIClientForREST_Gmail */,
				844E157025A0657300A79C9E /* GTMSessionFetcher */,
				844E158025A0660200A79C9E /* GoogleAPIClientForRESTCore */,
				84E97F8F25A4A4900031FE3B /* GoogleAPIClientForREST_Drive */,
			);
			productName = "Potori (macOS)";
			productReference = 849178682599F81700CD967F /* Potori.app */;
			productType = "com.apple.product-type.application";
		};
		84DDF8DE25C1B39100942E87 /* Widget Extension macOS */ = {
			isa = PBXNativeTarget;
			buildConfigurationList = 84DDF8EF25C1B39200942E87 /* Build configuration list for PBXNativeTarget "Widget Extension macOS" */;
			buildPhases = (
				84DDF8DB25C1B39100942E87 /* Sources */,
				84DDF8DC25C1B39100942E87 /* Frameworks */,
				84DDF8DD25C1B39100942E87 /* Resources */,
			);
			buildRules = (
			);
			dependencies = (
			);
			name = "Widget Extension macOS";
			productName = "Widget macOSExtension";
			productReference = 84DDF8DF25C1B39100942E87 /* Widget Extension macOS.appex */;
			productType = "com.apple.product-type.app-extension";
		};
		84E2EBB625BC4F91007B2000 /* Tests iOS */ = {
			isa = PBXNativeTarget;
			buildConfigurationList = 84E2EBBE25BC4F91007B2000 /* Build configuration list for PBXNativeTarget "Tests iOS" */;
			buildPhases = (
				84E2EBB325BC4F91007B2000 /* Sources */,
				84E2EBB425BC4F91007B2000 /* Frameworks */,
				84E2EBB525BC4F91007B2000 /* Resources */,
			);
			buildRules = (
			);
			dependencies = (
				84E2EBBD25BC4F91007B2000 /* PBXTargetDependency */,
			);
			name = "Tests iOS";
			productName = "Tests iOS";
			productReference = 84E2EBB725BC4F91007B2000 /* Tests iOS.xctest */;
			productType = "com.apple.product-type.bundle.ui-testing";
		};
		84EA8F8825C15FE200BB924A /* Widget Extension iOS */ = {
			isa = PBXNativeTarget;
			buildConfigurationList = 84EA8F9E25C15FE300BB924A /* Build configuration list for PBXNativeTarget "Widget Extension iOS" */;
			buildPhases = (
				84EA8F8525C15FE200BB924A /* Sources */,
				84EA8F8625C15FE200BB924A /* Frameworks */,
				84EA8F8725C15FE200BB924A /* Resources */,
			);
			buildRules = (
			);
			dependencies = (
			);
			name = "Widget Extension iOS";
			productName = "Widget iOSExtension";
			productReference = 84EA8F8925C15FE200BB924A /* Widget Extension iOS.appex */;
			productType = "com.apple.product-type.app-extension";
		};
/* End PBXNativeTarget section */

/* Begin PBXProject section */
		849178542599F81600CD967F /* Project object */ = {
			isa = PBXProject;
			attributes = {
				LastSwiftUpdateCheck = 1230;
				LastUpgradeCheck = 1230;
				TargetAttributes = {
					84841DB025BC413100468C6D = {
						CreatedOnToolsVersion = 12.3;
						TestTargetID = 849178672599F81700CD967F;
					};
					8491785F2599F81700CD967F = {
						CreatedOnToolsVersion = 12.3;
					};
					849178672599F81700CD967F = {
						CreatedOnToolsVersion = 12.3;
					};
					84DDF8DE25C1B39100942E87 = {
						CreatedOnToolsVersion = 12.3;
					};
					84E2EBB625BC4F91007B2000 = {
						CreatedOnToolsVersion = 12.3;
						TestTargetID = 8491785F2599F81700CD967F;
					};
					84EA8F8825C15FE200BB924A = {
						CreatedOnToolsVersion = 12.3;
					};
				};
			};
			buildConfigurationList = 849178572599F81600CD967F /* Build configuration list for PBXProject "Potori" */;
			compatibilityVersion = "Xcode 12.0";
			developmentRegion = en;
			hasScannedForEncodings = 0;
			knownRegions = (
				en,
				Base,
				"zh-Hans",
			);
			mainGroup = 849178532599F81600CD967F;
			packageReferences = (
				84003543259F58DC003C97EA /* XCRemoteSwiftPackageReference "GTMAppAuth" */,
				84003554259F613F003C97EA /* XCRemoteSwiftPackageReference "AppAuth-iOS" */,
				8462D0A325A0643F0031AD0D /* XCRemoteSwiftPackageReference "google-api-objectivec-client-for-rest" */,
				844E156F25A0657300A79C9E /* XCRemoteSwiftPackageReference "gtm-session-fetcher" */,
			);
			productRefGroup = 849178612599F81700CD967F /* Products */;
			projectDirPath = "";
			projectRoot = "";
			targets = (
				8491785F2599F81700CD967F /* iOS */,
				849178672599F81700CD967F /* macOS */,
				84E2EBB625BC4F91007B2000 /* Tests iOS */,
				84841DB025BC413100468C6D /* Tests macOS */,
				84EA8F8825C15FE200BB924A /* Widget Extension iOS */,
				84DDF8DE25C1B39100942E87 /* Widget Extension macOS */,
			);
		};
/* End PBXProject section */

/* Begin PBXResourcesBuildPhase section */
		84841DAF25BC413100468C6D /* Resources */ = {
			isa = PBXResourcesBuildPhase;
			buildActionMask = 2147483647;
			files = (
				84E2EBAF25BC4BE1007B2000 /* umi.json in Resources */,
			);
			runOnlyForDeploymentPostprocessing = 0;
		};
		8491785E2599F81700CD967F /* Resources */ = {
			isa = PBXResourcesBuildPhase;
			buildActionMask = 2147483647;
			files = (
				84495F2E259A140D00BA238A /* nominations.json in Resources */,
				84C769A725A706A60055A3A9 /* Localizable.strings in Resources */,
				849178862599F81700CD967F /* Assets.xcassets in Resources */,
				84DB6EAE259A2F8C00BD915B /* umi.json in Resources */,
				846B2F8F25B1E2CE00077E01 /* InfoPlist.strings in Resources */,
			);
			runOnlyForDeploymentPostprocessing = 0;
		};
		849178662599F81700CD967F /* Resources */ = {
			isa = PBXResourcesBuildPhase;
			buildActionMask = 2147483647;
			files = (
				84495F2F259A140D00BA238A /* nominations.json in Resources */,
				84C769A825A706A60055A3A9 /* Localizable.strings in Resources */,
				849178872599F81700CD967F /* Assets.xcassets in Resources */,
				84DB6EAF259A2F8C00BD915B /* umi.json in Resources */,
				846B2F9025B1E2CE00077E01 /* InfoPlist.strings in Resources */,
			);
			runOnlyForDeploymentPostprocessing = 0;
		};
		84DDF8DD25C1B39100942E87 /* Resources */ = {
			isa = PBXResourcesBuildPhase;
			buildActionMask = 2147483647;
			files = (
				84DDF95525C1B59B00942E87 /* Assets.xcassets in Resources */,
				84DDF96325C1B5E500942E87 /* Localizable.strings in Resources */,
				84DDF94E25C1B59800942E87 /* umi.json in Resources */,
			);
			runOnlyForDeploymentPostprocessing = 0;
		};
		84E2EBB525BC4F91007B2000 /* Resources */ = {
			isa = PBXResourcesBuildPhase;
			buildActionMask = 2147483647;
			files = (
				841FD3CB25BC4FE60089A53D /* umi.json in Resources */,
			);
			runOnlyForDeploymentPostprocessing = 0;
		};
		84EA8F8725C15FE200BB924A /* Resources */ = {
			isa = PBXResourcesBuildPhase;
			buildActionMask = 2147483647;
			files = (
				8475B60C25C1603C002D7915 /* Assets.xcassets in Resources */,
				8475B68625C1871B002D7915 /* Localizable.strings in Resources */,
				8475B6DA25C1AD36002D7915 /* umi.json in Resources */,
			);
			runOnlyForDeploymentPostprocessing = 0;
		};
/* End PBXResourcesBuildPhase section */

/* Begin PBXSourcesBuildPhase section */
		84841DAD25BC413100468C6D /* Sources */ = {
			isa = PBXSourcesBuildPhase;
			buildActionMask = 2147483647;
			files = (
				84841DB425BC413100468C6D /* TestsUI.swift in Sources */,
				84E2EBA825BC42A8007B2000 /* Umi.swift in Sources */,
				84E2EBA425BC428D007B2000 /* TestsUmi.swift in Sources */,
			);
			runOnlyForDeploymentPostprocessing = 0;
		};
		8491785C2599F81700CD967F /* Sources */ = {
			isa = PBXSourcesBuildPhase;
			buildActionMask = 2147483647;
			files = (
				8469EB1B25B88A2600A9831D /* DashboardReasonsView.swift in Sources */,
				84F97CBB259BADB7005D9AA4 /* NominationDetailsMap.swift in Sources */,
				846CC62925A35EFF007A8AE8 /* Nomination.swift in Sources */,
				8475B69E25C19E12002D7915 /* NominationWidgetJSON.swift in Sources */,
				84DB6EA3259A2B1F00BD915B /* Umi.swift in Sources */,
				8469EB3525B943C800A9831D /* DashboardGalleryView.swift in Sources */,
				84F97C71259B6978005D9AA4 /* NominationDetails.swift in Sources */,
				84CCEDC2259CB5470040917E /* RemoteImage.swift in Sources */,
				84177FB925B2F079009CC4E9 /* MatchView.swift in Sources */,
				8462D088259FBA030031AD0D /* NominationMap.swift in Sources */,
				840A15F025BCA48B00541ED5 /* CardBackground.swift in Sources */,
				8469EB2A25B93EF800A9831D /* DashboardStatusView.swift in Sources */,
				844A9AAE25A4BD21003E44B5 /* PreferencesView.swift in Sources */,
				8491789B2599F92C00CD967F /* NominationListRow.swift in Sources */,
				84B8A54725B85045000B0C0E /* DashboardCardView.swift in Sources */,
				843BEF48259F0CD600FC17F9 /* SidebarNavigation.swift in Sources */,
				8462D078259F9C330031AD0D /* AppDelegate.swift in Sources */,
				8497C76925B81BB500B88C12 /* Reason.swift in Sources */,
				849178822599F81700CD967F /* PotoriApp.swift in Sources */,
				846CC5B725A359DD007A8AE8 /* NominationJSON.swift in Sources */,
				84177FB225B2DE81009CC4E9 /* MatchKit.swift in Sources */,
				84F97C78259B7474005D9AA4 /* ContentView.swift in Sources */,
				846645EC25A8DAA200DD37D1 /* GoogleKit.swift in Sources */,
				84DB6ED1259A3D5D00BD915B /* Service.swift in Sources */,
				849178A7259A06E000CD967F /* NominationList.swift in Sources */,
				849178BE259A0D8D00CD967F /* NominationRAW.swift in Sources */,
				84A01DD725A609C7006080BF /* Preferences.swift in Sources */,
				84F735A625B83169003DE878 /* DashboardHighlightView.swift in Sources */,
				8469EB4D25B9D25100A9831D /* Navigation.swift in Sources */,
				84F7359B25B830E8003DE878 /* DashboardView.swift in Sources */,
				843BEF38259F07CF00FC17F9 /* TabNavigation.swift in Sources */,
				8468A22C25A33784009B562D /* Potori.xcdatamodeld in Sources */,
				8434024325C03A9600DCFFCB /* UNUserNotificationCenter.swift in Sources */,
				840A15F725BD62D200541ED5 /* DashboardScannersView.swift in Sources */,
				8434023C25BECF7100DCFFCB /* NominationContextMenu.swift in Sources */,
				84EA8F9725C15FE300BB924A /* Widget.intentdefinition in Sources */,
				84BFD364259F46530047318D /* Mari.swift in Sources */,
			);
			runOnlyForDeploymentPostprocessing = 0;
		};
		849178642599F81700CD967F /* Sources */ = {
			isa = PBXSourcesBuildPhase;
			buildActionMask = 2147483647;
			files = (
				8434023D25BECF7100DCFFCB /* NominationContextMenu.swift in Sources */,
				8468A22D25A33784009B562D /* Potori.xcdatamodeld in Sources */,
				84F97CBC259BADB7005D9AA4 /* NominationDetailsMap.swift in Sources */,
				844A9AAF25A4BD21003E44B5 /* PreferencesView.swift in Sources */,
				8469EB2B25B93EF800A9831D /* DashboardStatusView.swift in Sources */,
				84DB6EA4259A2B1F00BD915B /* Umi.swift in Sources */,
				846CC62A25A35EFF007A8AE8 /* Nomination.swift in Sources */,
				84F97C72259B6978005D9AA4 /* NominationDetails.swift in Sources */,
				840A15F125BCA48B00541ED5 /* CardBackground.swift in Sources */,
				8491789C2599F92C00CD967F /* NominationListRow.swift in Sources */,
				84B8A54825B85045000B0C0E /* DashboardCardView.swift in Sources */,
				8469EB3625B943C800A9831D /* DashboardGalleryView.swift in Sources */,
				84A01DD825A609C7006080BF /* Preferences.swift in Sources */,
				84CCEDC3259CB5470040917E /* RemoteImage.swift in Sources */,
				8469EB1C25B88A2600A9831D /* DashboardReasonsView.swift in Sources */,
				84177FBA25B2F079009CC4E9 /* MatchView.swift in Sources */,
				849178832599F81700CD967F /* PotoriApp.swift in Sources */,
				843BEF49259F0CD600FC17F9 /* SidebarNavigation.swift in Sources */,
				84177FB325B2DE81009CC4E9 /* MatchKit.swift in Sources */,
				842F6C6C259CAA7A0063DCFE /* PotoriCommands.swift in Sources */,
				84F7359C25B830E8003DE878 /* DashboardView.swift in Sources */,
				84F735A725B83169003DE878 /* DashboardHighlightView.swift in Sources */,
				846645ED25A8DAA200DD37D1 /* GoogleKit.swift in Sources */,
				840A15F825BD62D200541ED5 /* DashboardScannersView.swift in Sources */,
				84F97C79259B7474005D9AA4 /* ContentView.swift in Sources */,
				846CC5B825A359DD007A8AE8 /* NominationJSON.swift in Sources */,
				84DB6ED2259A3D5D00BD915B /* Service.swift in Sources */,
				8497C76A25B81BB500B88C12 /* Reason.swift in Sources */,
				8469EB5625B9D28600A9831D /* Navigation.swift in Sources */,
				8462D089259FBA030031AD0D /* NominationMap.swift in Sources */,
				849178A8259A06E000CD967F /* NominationList.swift in Sources */,
				8475B69F25C19E12002D7915 /* NominationWidgetJSON.swift in Sources */,
				849178BF259A0D8D00CD967F /* NominationRAW.swift in Sources */,
				84BFD365259F46530047318D /* Mari.swift in Sources */,
			);
			runOnlyForDeploymentPostprocessing = 0;
		};
		84DDF8DB25C1B39100942E87 /* Sources */ = {
			isa = PBXSourcesBuildPhase;
			buildActionMask = 2147483647;
			files = (
				84DDF95C25C1B5B300942E87 /* NominationJSON.swift in Sources */,
				84DDF92C25C1B55000942E87 /* NominationWidget.swift in Sources */,
				84DDF94725C1B59400942E87 /* Umi.swift in Sources */,
				84DDF92525C1B54D00942E87 /* PotoriWidget.swift in Sources */,
				84DDF94025C1B58700942E87 /* NominationRAW.swift in Sources */,
				84DDF91E25C1B54A00942E87 /* Widget.intentdefinition in Sources */,
				84DDF93925C1B58400942E87 /* NominationWidgetJSON.swift in Sources */,
			);
			runOnlyForDeploymentPostprocessing = 0;
		};
		84E2EBB325BC4F91007B2000 /* Sources */ = {
			isa = PBXSourcesBuildPhase;
			buildActionMask = 2147483647;
			files = (
				84E2EBBA25BC4F91007B2000 /* TestsUI.swift in Sources */,
				841FD3D025BC4FE90089A53D /* Umi.swift in Sources */,
				841FD3C625BC4FDF0089A53D /* TestsUmi.swift in Sources */,
			);
			runOnlyForDeploymentPostprocessing = 0;
		};
		84EA8F8525C15FE200BB924A /* Sources */ = {
			isa = PBXSourcesBuildPhase;
			buildActionMask = 2147483647;
			files = (
				8475B6CF25C1A4ED002D7915 /* NominationJSON.swift in Sources */,
				8475B61E25C1610E002D7915 /* NominationWidget.swift in Sources */,
				8475B6A025C19E12002D7915 /* NominationWidgetJSON.swift in Sources */,
				84EA8F9625C15FE300BB924A /* Widget.intentdefinition in Sources */,
				84EA8F9125C15FE200BB924A /* PotoriWidget.swift in Sources */,
				8475B6C925C1A4B4002D7915 /* NominationRAW.swift in Sources */,
				8475B66725C1750F002D7915 /* Umi.swift in Sources */,
			);
			runOnlyForDeploymentPostprocessing = 0;
		};
/* End PBXSourcesBuildPhase section */

/* Begin PBXTargetDependency section */
		84841DB725BC413100468C6D /* PBXTargetDependency */ = {
			isa = PBXTargetDependency;
			target = 849178672599F81700CD967F /* macOS */;
			targetProxy = 84841DB625BC413100468C6D /* PBXContainerItemProxy */;
		};
		84DDF8ED25C1B39200942E87 /* PBXTargetDependency */ = {
			isa = PBXTargetDependency;
			target = 84DDF8DE25C1B39100942E87 /* Widget Extension macOS */;
			targetProxy = 84DDF8EC25C1B39200942E87 /* PBXContainerItemProxy */;
		};
		84E2EBBD25BC4F91007B2000 /* PBXTargetDependency */ = {
			isa = PBXTargetDependency;
			target = 8491785F2599F81700CD967F /* iOS */;
			targetProxy = 84E2EBBC25BC4F91007B2000 /* PBXContainerItemProxy */;
		};
		84EA8F9925C15FE300BB924A /* PBXTargetDependency */ = {
			isa = PBXTargetDependency;
			target = 84EA8F8825C15FE200BB924A /* Widget Extension iOS */;
			targetProxy = 84EA8F9825C15FE300BB924A /* PBXContainerItemProxy */;
		};
/* End PBXTargetDependency section */

/* Begin PBXVariantGroup section */
		846B2F9225B1E2CE00077E01 /* InfoPlist.strings */ = {
			isa = PBXVariantGroup;
			children = (
				846B2F9125B1E2CE00077E01 /* en */,
				846B2F9725B1E2D300077E01 /* zh-Hans */,
			);
			name = InfoPlist.strings;
			sourceTree = "<group>";
		};
		84C769AA25A706A60055A3A9 /* Localizable.strings */ = {
			isa = PBXVariantGroup;
			children = (
				84C769A925A706A60055A3A9 /* en */,
				84C769C325A714410055A3A9 /* zh-Hans */,
			);
			name = Localizable.strings;
			sourceTree = "<group>";
		};
/* End PBXVariantGroup section */

/* Begin XCBuildConfiguration section */
		84841DB925BC413100468C6D /* Debug */ = {
			isa = XCBuildConfiguration;
			buildSettings = {
				CODE_SIGN_STYLE = Automatic;
				COMBINE_HIDPI_IMAGES = YES;
				DEVELOPMENT_TEAM = 6JSH2PZAX2;
				GCC_PREPROCESSOR_DEFINITIONS = (
					"DEBUG=1",
					"$(inherited)",
				);
				INFOPLIST_FILE = Tests/macOS/Info.plist;
				LD_RUNPATH_SEARCH_PATHS = (
					"$(inherited)",
					"@executable_path/../Frameworks",
					"@loader_path/../Frameworks",
				);
				MACOSX_DEPLOYMENT_TARGET = 11.1;
				PRODUCT_BUNDLE_IDENTIFIER = "labs.lucka.Tests-macOS";
				PRODUCT_NAME = "$(TARGET_NAME)";
				SDKROOT = macosx;
				SWIFT_ACTIVE_COMPILATION_CONDITIONS = DEBUG;
				SWIFT_VERSION = 5.0;
				TEST_TARGET_NAME = macOS;
			};
			name = Debug;
		};
		84841DBA25BC413100468C6D /* Release */ = {
			isa = XCBuildConfiguration;
			buildSettings = {
				CODE_SIGN_STYLE = Automatic;
				COMBINE_HIDPI_IMAGES = YES;
				DEVELOPMENT_TEAM = 6JSH2PZAX2;
				INFOPLIST_FILE = Tests/macOS/Info.plist;
				LD_RUNPATH_SEARCH_PATHS = (
					"$(inherited)",
					"@executable_path/../Frameworks",
					"@loader_path/../Frameworks",
				);
				MACOSX_DEPLOYMENT_TARGET = 11.1;
				PRODUCT_BUNDLE_IDENTIFIER = "labs.lucka.Tests-macOS";
				PRODUCT_NAME = "$(TARGET_NAME)";
				SDKROOT = macosx;
				SWIFT_VERSION = 5.0;
				TEST_TARGET_NAME = macOS;
			};
			name = Release;
		};
		849178882599F81700CD967F /* Debug */ = {
			isa = XCBuildConfiguration;
			buildSettings = {
				ALWAYS_SEARCH_USER_PATHS = NO;
				CLANG_ANALYZER_LOCALIZABILITY_NONLOCALIZED = YES;
				CLANG_ANALYZER_NONNULL = YES;
				CLANG_ANALYZER_NUMBER_OBJECT_CONVERSION = YES_AGGRESSIVE;
				CLANG_CXX_LANGUAGE_STANDARD = "gnu++14";
				CLANG_CXX_LIBRARY = "libc++";
				CLANG_ENABLE_MODULES = YES;
				CLANG_ENABLE_OBJC_ARC = YES;
				CLANG_ENABLE_OBJC_WEAK = YES;
				CLANG_WARN_BLOCK_CAPTURE_AUTORELEASING = YES;
				CLANG_WARN_BOOL_CONVERSION = YES;
				CLANG_WARN_COMMA = YES;
				CLANG_WARN_CONSTANT_CONVERSION = YES;
				CLANG_WARN_DEPRECATED_OBJC_IMPLEMENTATIONS = YES;
				CLANG_WARN_DIRECT_OBJC_ISA_USAGE = YES_ERROR;
				CLANG_WARN_DOCUMENTATION_COMMENTS = YES;
				CLANG_WARN_EMPTY_BODY = YES;
				CLANG_WARN_ENUM_CONVERSION = YES;
				CLANG_WARN_INFINITE_RECURSION = YES;
				CLANG_WARN_INT_CONVERSION = YES;
				CLANG_WARN_NON_LITERAL_NULL_CONVERSION = YES;
				CLANG_WARN_OBJC_IMPLICIT_RETAIN_SELF = YES;
				CLANG_WARN_OBJC_LITERAL_CONVERSION = YES;
				CLANG_WARN_OBJC_ROOT_CLASS = YES_ERROR;
				CLANG_WARN_QUOTED_INCLUDE_IN_FRAMEWORK_HEADER = YES;
				CLANG_WARN_RANGE_LOOP_ANALYSIS = YES;
				CLANG_WARN_STRICT_PROTOTYPES = YES;
				CLANG_WARN_SUSPICIOUS_MOVE = YES;
				CLANG_WARN_UNGUARDED_AVAILABILITY = YES_AGGRESSIVE;
				CLANG_WARN_UNREACHABLE_CODE = YES;
				CLANG_WARN__DUPLICATE_METHOD_MATCH = YES;
				COPY_PHASE_STRIP = NO;
				DEBUG_INFORMATION_FORMAT = dwarf;
				ENABLE_STRICT_OBJC_MSGSEND = YES;
				ENABLE_TESTABILITY = YES;
				GCC_C_LANGUAGE_STANDARD = gnu11;
				GCC_DYNAMIC_NO_PIC = NO;
				GCC_NO_COMMON_BLOCKS = YES;
				GCC_OPTIMIZATION_LEVEL = 0;
				GCC_PREPROCESSOR_DEFINITIONS = (
					"DEBUG=1",
					"$(inherited)",
					"SWIFT_PACKAGE=1",
				);
				GCC_WARN_64_TO_32_BIT_CONVERSION = YES;
				GCC_WARN_ABOUT_RETURN_TYPE = YES_ERROR;
				GCC_WARN_UNDECLARED_SELECTOR = YES;
				GCC_WARN_UNINITIALIZED_AUTOS = YES_AGGRESSIVE;
				GCC_WARN_UNUSED_FUNCTION = YES;
				GCC_WARN_UNUSED_VARIABLE = YES;
				MTL_ENABLE_DEBUG_INFO = INCLUDE_SOURCE;
				MTL_FAST_MATH = YES;
				ONLY_ACTIVE_ARCH = YES;
				SWIFT_ACTIVE_COMPILATION_CONDITIONS = "DEBUG SWIFT_PACKAGE";
				SWIFT_OPTIMIZATION_LEVEL = "-Onone";
			};
			name = Debug;
		};
		849178892599F81700CD967F /* Release */ = {
			isa = XCBuildConfiguration;
			buildSettings = {
				ALWAYS_SEARCH_USER_PATHS = NO;
				CLANG_ANALYZER_LOCALIZABILITY_NONLOCALIZED = YES;
				CLANG_ANALYZER_NONNULL = YES;
				CLANG_ANALYZER_NUMBER_OBJECT_CONVERSION = YES_AGGRESSIVE;
				CLANG_CXX_LANGUAGE_STANDARD = "gnu++14";
				CLANG_CXX_LIBRARY = "libc++";
				CLANG_ENABLE_MODULES = YES;
				CLANG_ENABLE_OBJC_ARC = YES;
				CLANG_ENABLE_OBJC_WEAK = YES;
				CLANG_WARN_BLOCK_CAPTURE_AUTORELEASING = YES;
				CLANG_WARN_BOOL_CONVERSION = YES;
				CLANG_WARN_COMMA = YES;
				CLANG_WARN_CONSTANT_CONVERSION = YES;
				CLANG_WARN_DEPRECATED_OBJC_IMPLEMENTATIONS = YES;
				CLANG_WARN_DIRECT_OBJC_ISA_USAGE = YES_ERROR;
				CLANG_WARN_DOCUMENTATION_COMMENTS = YES;
				CLANG_WARN_EMPTY_BODY = YES;
				CLANG_WARN_ENUM_CONVERSION = YES;
				CLANG_WARN_INFINITE_RECURSION = YES;
				CLANG_WARN_INT_CONVERSION = YES;
				CLANG_WARN_NON_LITERAL_NULL_CONVERSION = YES;
				CLANG_WARN_OBJC_IMPLICIT_RETAIN_SELF = YES;
				CLANG_WARN_OBJC_LITERAL_CONVERSION = YES;
				CLANG_WARN_OBJC_ROOT_CLASS = YES_ERROR;
				CLANG_WARN_QUOTED_INCLUDE_IN_FRAMEWORK_HEADER = YES;
				CLANG_WARN_RANGE_LOOP_ANALYSIS = YES;
				CLANG_WARN_STRICT_PROTOTYPES = YES;
				CLANG_WARN_SUSPICIOUS_MOVE = YES;
				CLANG_WARN_UNGUARDED_AVAILABILITY = YES_AGGRESSIVE;
				CLANG_WARN_UNREACHABLE_CODE = YES;
				CLANG_WARN__DUPLICATE_METHOD_MATCH = YES;
				COPY_PHASE_STRIP = NO;
				DEBUG_INFORMATION_FORMAT = "dwarf-with-dsym";
				ENABLE_NS_ASSERTIONS = NO;
				ENABLE_STRICT_OBJC_MSGSEND = YES;
				GCC_C_LANGUAGE_STANDARD = gnu11;
				GCC_NO_COMMON_BLOCKS = YES;
				GCC_PREPROCESSOR_DEFINITIONS = "SWIFT_PACKAGE=1";
				GCC_WARN_64_TO_32_BIT_CONVERSION = YES;
				GCC_WARN_ABOUT_RETURN_TYPE = YES_ERROR;
				GCC_WARN_UNDECLARED_SELECTOR = YES;
				GCC_WARN_UNINITIALIZED_AUTOS = YES_AGGRESSIVE;
				GCC_WARN_UNUSED_FUNCTION = YES;
				GCC_WARN_UNUSED_VARIABLE = YES;
				MTL_ENABLE_DEBUG_INFO = NO;
				MTL_FAST_MATH = YES;
				SWIFT_ACTIVE_COMPILATION_CONDITIONS = SWIFT_PACKAGE;
				SWIFT_COMPILATION_MODE = wholemodule;
				SWIFT_OPTIMIZATION_LEVEL = "-O";
			};
			name = Release;
		};
		8491788B2599F81700CD967F /* Debug */ = {
			isa = XCBuildConfiguration;
			buildSettings = {
				ALWAYS_EMBED_SWIFT_STANDARD_LIBRARIES = YES;
				ASSETCATALOG_COMPILER_APPICON_NAME = AppIcon;
				ASSETCATALOG_COMPILER_GLOBAL_ACCENT_COLOR_NAME = AccentColor;
				CODE_SIGN_ENTITLEMENTS = iOS/Potori.entitlements;
				CODE_SIGN_STYLE = Automatic;
				CURRENT_PROJECT_VERSION = 1;
				DEVELOPMENT_TEAM = 6JSH2PZAX2;
				ENABLE_PREVIEWS = YES;
				INFOPLIST_FILE = iOS/Info.plist;
				INFOPLIST_PREFIX_HEADER = Shared/info_plist_preprocessor.h;
				INFOPLIST_PREPROCESS = YES;
				IPHONEOS_DEPLOYMENT_TARGET = 14.0;
				LD_RUNPATH_SEARCH_PATHS = (
					"$(inherited)",
					"@executable_path/Frameworks",
				);
				MARKETING_VERSION = 1.0.0;
				PRODUCT_BUNDLE_IDENTIFIER = labs.lucka.Potori;
				PRODUCT_NAME = Potori;
				SDKROOT = iphoneos;
				SWIFT_VERSION = 5.0;
				TARGETED_DEVICE_FAMILY = "1,2";
			};
			name = Debug;
		};
		8491788C2599F81700CD967F /* Release */ = {
			isa = XCBuildConfiguration;
			buildSettings = {
				ALWAYS_EMBED_SWIFT_STANDARD_LIBRARIES = YES;
				ASSETCATALOG_COMPILER_APPICON_NAME = AppIcon;
				ASSETCATALOG_COMPILER_GLOBAL_ACCENT_COLOR_NAME = AccentColor;
				CODE_SIGN_ENTITLEMENTS = iOS/Potori.entitlements;
				CODE_SIGN_STYLE = Automatic;
				CURRENT_PROJECT_VERSION = 1;
				DEVELOPMENT_TEAM = 6JSH2PZAX2;
				ENABLE_PREVIEWS = NO;
				INFOPLIST_FILE = iOS/Info.plist;
				INFOPLIST_PREFIX_HEADER = Shared/info_plist_preprocessor.h;
				INFOPLIST_PREPROCESS = YES;
				IPHONEOS_DEPLOYMENT_TARGET = 14.0;
				LD_RUNPATH_SEARCH_PATHS = (
					"$(inherited)",
					"@executable_path/Frameworks",
				);
				MARKETING_VERSION = 1.0.0;
				PRODUCT_BUNDLE_IDENTIFIER = labs.lucka.Potori;
				PRODUCT_NAME = Potori;
				SDKROOT = iphoneos;
				SWIFT_VERSION = 5.0;
				TARGETED_DEVICE_FAMILY = "1,2";
				VALIDATE_PRODUCT = YES;
			};
			name = Release;
		};
		8491788E2599F81700CD967F /* Debug */ = {
			isa = XCBuildConfiguration;
			buildSettings = {
				ALWAYS_EMBED_SWIFT_STANDARD_LIBRARIES = YES;
				ASSETCATALOG_COMPILER_APPICON_NAME = AppIcon;
				ASSETCATALOG_COMPILER_GLOBAL_ACCENT_COLOR_NAME = AccentColor;
				CODE_SIGN_ENTITLEMENTS = macOS/macOS.entitlements;
				CODE_SIGN_STYLE = Automatic;
				COMBINE_HIDPI_IMAGES = YES;
				DEVELOPMENT_TEAM = 6JSH2PZAX2;
				ENABLE_HARDENED_RUNTIME = YES;
				ENABLE_PREVIEWS = YES;
				INFOPLIST_FILE = macOS/Info.plist;
				INFOPLIST_PREFIX_HEADER = Shared/info_plist_preprocessor.h;
				INFOPLIST_PREPROCESS = YES;
				LD_RUNPATH_SEARCH_PATHS = (
					"$(inherited)",
					"@executable_path/../Frameworks",
				);
				MACOSX_DEPLOYMENT_TARGET = 11.0;
				MARKETING_VERSION = 1.0.0;
				PRODUCT_BUNDLE_IDENTIFIER = labs.lucka.Potori;
				PRODUCT_NAME = Potori;
				SDKROOT = macosx;
				SWIFT_VERSION = 5.0;
			};
			name = Debug;
		};
		8491788F2599F81700CD967F /* Release */ = {
			isa = XCBuildConfiguration;
			buildSettings = {
				ALWAYS_EMBED_SWIFT_STANDARD_LIBRARIES = YES;
				ASSETCATALOG_COMPILER_APPICON_NAME = AppIcon;
				ASSETCATALOG_COMPILER_GLOBAL_ACCENT_COLOR_NAME = AccentColor;
				CODE_SIGN_ENTITLEMENTS = macOS/macOS.entitlements;
				CODE_SIGN_STYLE = Automatic;
				COMBINE_HIDPI_IMAGES = YES;
				DEVELOPMENT_TEAM = 6JSH2PZAX2;
				ENABLE_HARDENED_RUNTIME = YES;
				ENABLE_PREVIEWS = YES;
				INFOPLIST_FILE = macOS/Info.plist;
				INFOPLIST_PREFIX_HEADER = Shared/info_plist_preprocessor.h;
				INFOPLIST_PREPROCESS = YES;
				LD_RUNPATH_SEARCH_PATHS = (
					"$(inherited)",
					"@executable_path/../Frameworks",
				);
				MACOSX_DEPLOYMENT_TARGET = 11.0;
				MARKETING_VERSION = 1.0.0;
				PRODUCT_BUNDLE_IDENTIFIER = labs.lucka.Potori;
				PRODUCT_NAME = Potori;
				SDKROOT = macosx;
				SWIFT_VERSION = 5.0;
			};
			name = Release;
		};
		84DDF8F025C1B39200942E87 /* Debug */ = {
			isa = XCBuildConfiguration;
			buildSettings = {
				ASSETCATALOG_COMPILER_GLOBAL_ACCENT_COLOR_NAME = AccentColor;
				ASSETCATALOG_COMPILER_WIDGET_BACKGROUND_COLOR_NAME = WidgetBackground;
				CODE_SIGN_ENTITLEMENTS = "Widget/macOS/Widget Extension.entitlements";
				CODE_SIGN_STYLE = Automatic;
				DEVELOPMENT_TEAM = 6JSH2PZAX2;
				ENABLE_HARDENED_RUNTIME = YES;
				GCC_PREPROCESSOR_DEFINITIONS = (
					"DEBUG=1",
					"$(inherited)",
				);
				INFOPLIST_FILE = Widget/macOS/Info.plist;
				INFOPLIST_PREFIX_HEADER = Shared/info_plist_preprocessor.h;
				INFOPLIST_PREPROCESS = YES;
				LD_RUNPATH_SEARCH_PATHS = (
					"$(inherited)",
					"@executable_path/../Frameworks",
					"@executable_path/../../../../Frameworks",
				);
				MACOSX_DEPLOYMENT_TARGET = 11.1;
				MARKETING_VERSION = 1.0.0;
				PRODUCT_BUNDLE_IDENTIFIER = labs.lucka.Potori.Widget;
				PRODUCT_NAME = "$(TARGET_NAME)";
				SDKROOT = macosx;
				SKIP_INSTALL = YES;
				SWIFT_ACTIVE_COMPILATION_CONDITIONS = DEBUG;
				SWIFT_VERSION = 5.0;
			};
			name = Debug;
		};
		84DDF8F125C1B39200942E87 /* Release */ = {
			isa = XCBuildConfiguration;
			buildSettings = {
				ASSETCATALOG_COMPILER_GLOBAL_ACCENT_COLOR_NAME = AccentColor;
				ASSETCATALOG_COMPILER_WIDGET_BACKGROUND_COLOR_NAME = WidgetBackground;
				CODE_SIGN_ENTITLEMENTS = "Widget/macOS/Widget Extension.entitlements";
				CODE_SIGN_STYLE = Automatic;
				DEVELOPMENT_TEAM = 6JSH2PZAX2;
				ENABLE_HARDENED_RUNTIME = YES;
				INFOPLIST_FILE = Widget/macOS/Info.plist;
				INFOPLIST_PREFIX_HEADER = Shared/info_plist_preprocessor.h;
				INFOPLIST_PREPROCESS = YES;
				LD_RUNPATH_SEARCH_PATHS = (
					"$(inherited)",
					"@executable_path/../Frameworks",
					"@executable_path/../../../../Frameworks",
				);
				MACOSX_DEPLOYMENT_TARGET = 11.1;
				MARKETING_VERSION = 1.0.0;
				PRODUCT_BUNDLE_IDENTIFIER = labs.lucka.Potori.Widget;
				PRODUCT_NAME = "$(TARGET_NAME)";
				SDKROOT = macosx;
				SKIP_INSTALL = YES;
				SWIFT_VERSION = 5.0;
			};
			name = Release;
		};
		84E2EBBF25BC4F91007B2000 /* Debug */ = {
			isa = XCBuildConfiguration;
			buildSettings = {
				CODE_SIGN_STYLE = Automatic;
				DEVELOPMENT_TEAM = 6JSH2PZAX2;
				GCC_PREPROCESSOR_DEFINITIONS = (
					"DEBUG=1",
					"$(inherited)",
				);
				INFOPLIST_FILE = Tests/iOS/Info.plist;
				IPHONEOS_DEPLOYMENT_TARGET = 14.3;
				LD_RUNPATH_SEARCH_PATHS = (
					"$(inherited)",
					"@executable_path/Frameworks",
					"@loader_path/Frameworks",
				);
				PRODUCT_BUNDLE_IDENTIFIER = "labs.lucka.Tests-iOS";
				PRODUCT_NAME = "$(TARGET_NAME)";
				SDKROOT = iphoneos;
				SWIFT_ACTIVE_COMPILATION_CONDITIONS = DEBUG;
				SWIFT_VERSION = 5.0;
				TARGETED_DEVICE_FAMILY = "1,2";
				TEST_TARGET_NAME = iOS;
			};
			name = Debug;
		};
		84E2EBC025BC4F91007B2000 /* Release */ = {
			isa = XCBuildConfiguration;
			buildSettings = {
				CODE_SIGN_STYLE = Automatic;
				DEVELOPMENT_TEAM = 6JSH2PZAX2;
				INFOPLIST_FILE = Tests/iOS/Info.plist;
				IPHONEOS_DEPLOYMENT_TARGET = 14.3;
				LD_RUNPATH_SEARCH_PATHS = (
					"$(inherited)",
					"@executable_path/Frameworks",
					"@loader_path/Frameworks",
				);
				PRODUCT_BUNDLE_IDENTIFIER = "labs.lucka.Tests-iOS";
				PRODUCT_NAME = "$(TARGET_NAME)";
				SDKROOT = iphoneos;
				SWIFT_VERSION = 5.0;
				TARGETED_DEVICE_FAMILY = "1,2";
				TEST_TARGET_NAME = iOS;
				VALIDATE_PRODUCT = YES;
			};
			name = Release;
		};
		84EA8F9C25C15FE300BB924A /* Debug */ = {
			isa = XCBuildConfiguration;
			buildSettings = {
				ASSETCATALOG_COMPILER_GLOBAL_ACCENT_COLOR_NAME = AccentColor;
				ASSETCATALOG_COMPILER_WIDGET_BACKGROUND_COLOR_NAME = WidgetBackground;
				CODE_SIGN_ENTITLEMENTS = "WIdget/iOS/Widget Extension.entitlements";
				CODE_SIGN_STYLE = Automatic;
				DEVELOPMENT_TEAM = 6JSH2PZAX2;
				GCC_PREPROCESSOR_DEFINITIONS = (
					"DEBUG=1",
					"$(inherited)",
				);
				INFOPLIST_FILE = Widget/iOS/Info.plist;
				INFOPLIST_PREFIX_HEADER = Shared/info_plist_preprocessor.h;
				INFOPLIST_PREPROCESS = YES;
				IPHONEOS_DEPLOYMENT_TARGET = 14.3;
				LD_RUNPATH_SEARCH_PATHS = (
					"$(inherited)",
					"@executable_path/Frameworks",
					"@executable_path/../../Frameworks",
				);
				MARKETING_VERSION = 1.0.0;
				PRODUCT_BUNDLE_IDENTIFIER = labs.lucka.Potori.Widget;
				PRODUCT_NAME = "$(TARGET_NAME)";
				SDKROOT = iphoneos;
				SKIP_INSTALL = YES;
				SWIFT_ACTIVE_COMPILATION_CONDITIONS = DEBUG;
				SWIFT_VERSION = 5.0;
				TARGETED_DEVICE_FAMILY = "1,2";
			};
			name = Debug;
		};
		84EA8F9D25C15FE300BB924A /* Release */ = {
			isa = XCBuildConfiguration;
			buildSettings = {
				ASSETCATALOG_COMPILER_GLOBAL_ACCENT_COLOR_NAME = AccentColor;
				ASSETCATALOG_COMPILER_WIDGET_BACKGROUND_COLOR_NAME = WidgetBackground;
				CODE_SIGN_ENTITLEMENTS = "WIdget/iOS/Widget Extension.entitlements";
				CODE_SIGN_STYLE = Automatic;
				DEVELOPMENT_TEAM = 6JSH2PZAX2;
				INFOPLIST_FILE = Widget/iOS/Info.plist;
				INFOPLIST_PREFIX_HEADER = Shared/info_plist_preprocessor.h;
				INFOPLIST_PREPROCESS = YES;
				IPHONEOS_DEPLOYMENT_TARGET = 14.3;
				LD_RUNPATH_SEARCH_PATHS = (
					"$(inherited)",
					"@executable_path/Frameworks",
					"@executable_path/../../Frameworks",
				);
				MARKETING_VERSION = 1.0.0;
				PRODUCT_BUNDLE_IDENTIFIER = labs.lucka.Potori.Widget;
				PRODUCT_NAME = "$(TARGET_NAME)";
				SDKROOT = iphoneos;
				SKIP_INSTALL = YES;
				SWIFT_VERSION = 5.0;
				TARGETED_DEVICE_FAMILY = "1,2";
				VALIDATE_PRODUCT = YES;
			};
			name = Release;
		};
/* End XCBuildConfiguration section */

/* Begin XCConfigurationList section */
		84841DB825BC413100468C6D /* Build configuration list for PBXNativeTarget "Tests macOS" */ = {
			isa = XCConfigurationList;
			buildConfigurations = (
				84841DB925BC413100468C6D /* Debug */,
				84841DBA25BC413100468C6D /* Release */,
			);
			defaultConfigurationIsVisible = 0;
			defaultConfigurationName = Release;
		};
		849178572599F81600CD967F /* Build configuration list for PBXProject "Potori" */ = {
			isa = XCConfigurationList;
			buildConfigurations = (
				849178882599F81700CD967F /* Debug */,
				849178892599F81700CD967F /* Release */,
			);
			defaultConfigurationIsVisible = 0;
			defaultConfigurationName = Release;
		};
		8491788A2599F81700CD967F /* Build configuration list for PBXNativeTarget "iOS" */ = {
			isa = XCConfigurationList;
			buildConfigurations = (
				8491788B2599F81700CD967F /* Debug */,
				8491788C2599F81700CD967F /* Release */,
			);
			defaultConfigurationIsVisible = 0;
			defaultConfigurationName = Release;
		};
		8491788D2599F81700CD967F /* Build configuration list for PBXNativeTarget "macOS" */ = {
			isa = XCConfigurationList;
			buildConfigurations = (
				8491788E2599F81700CD967F /* Debug */,
				8491788F2599F81700CD967F /* Release */,
			);
			defaultConfigurationIsVisible = 0;
			defaultConfigurationName = Release;
		};
		84DDF8EF25C1B39200942E87 /* Build configuration list for PBXNativeTarget "Widget Extension macOS" */ = {
			isa = XCConfigurationList;
			buildConfigurations = (
				84DDF8F025C1B39200942E87 /* Debug */,
				84DDF8F125C1B39200942E87 /* Release */,
			);
			defaultConfigurationIsVisible = 0;
			defaultConfigurationName = Release;
		};
		84E2EBBE25BC4F91007B2000 /* Build configuration list for PBXNativeTarget "Tests iOS" */ = {
			isa = XCConfigurationList;
			buildConfigurations = (
				84E2EBBF25BC4F91007B2000 /* Debug */,
				84E2EBC025BC4F91007B2000 /* Release */,
			);
			defaultConfigurationIsVisible = 0;
			defaultConfigurationName = Release;
		};
		84EA8F9E25C15FE300BB924A /* Build configuration list for PBXNativeTarget "Widget Extension iOS" */ = {
			isa = XCConfigurationList;
			buildConfigurations = (
				84EA8F9C25C15FE300BB924A /* Debug */,
				84EA8F9D25C15FE300BB924A /* Release */,
			);
			defaultConfigurationIsVisible = 0;
			defaultConfigurationName = Release;
		};
/* End XCConfigurationList section */

/* Begin XCRemoteSwiftPackageReference section */
		84003543259F58DC003C97EA /* XCRemoteSwiftPackageReference "GTMAppAuth" */ = {
			isa = XCRemoteSwiftPackageReference;
			repositoryURL = "https://github.com/lucka-me/GTMAppAuth.git";
			requirement = {
				branch = "fix-spm";
				kind = branch;
			};
		};
		84003554259F613F003C97EA /* XCRemoteSwiftPackageReference "AppAuth-iOS" */ = {
			isa = XCRemoteSwiftPackageReference;
			repositoryURL = "https://github.com/openid/AppAuth-iOS.git";
			requirement = {
				kind = upToNextMajorVersion;
				minimumVersion = 1.4.0;
			};
		};
		844E156F25A0657300A79C9E /* XCRemoteSwiftPackageReference "gtm-session-fetcher" */ = {
			isa = XCRemoteSwiftPackageReference;
			repositoryURL = "https://github.com/woxtu/gtm-session-fetcher.git";
			requirement = {
				branch = "fix-spm";
				kind = branch;
			};
		};
		8462D0A325A0643F0031AD0D /* XCRemoteSwiftPackageReference "google-api-objectivec-client-for-rest" */ = {
			isa = XCRemoteSwiftPackageReference;
			repositoryURL = "https://github.com/woxtu/google-api-objectivec-client-for-rest.git";
			requirement = {
				branch = "fix-spm";
				kind = branch;
			};
		};
/* End XCRemoteSwiftPackageReference section */

/* Begin XCSwiftPackageProductDependency section */
		84003544259F58DC003C97EA /* GTMAppAuth */ = {
			isa = XCSwiftPackageProductDependency;
			package = 84003543259F58DC003C97EA /* XCRemoteSwiftPackageReference "GTMAppAuth" */;
			productName = GTMAppAuth;
		};
		8400354E259F58E3003C97EA /* GTMAppAuth */ = {
			isa = XCSwiftPackageProductDependency;
			package = 84003543259F58DC003C97EA /* XCRemoteSwiftPackageReference "GTMAppAuth" */;
			productName = GTMAppAuth;
		};
		84003555259F613F003C97EA /* AppAuth */ = {
			isa = XCSwiftPackageProductDependency;
			package = 84003554259F613F003C97EA /* XCRemoteSwiftPackageReference "AppAuth-iOS" */;
			productName = AppAuth;
		};
		8400355D259F7732003C97EA /* AppAuth */ = {
			isa = XCSwiftPackageProductDependency;
			package = 84003554259F613F003C97EA /* XCRemoteSwiftPackageReference "AppAuth-iOS" */;
			productName = AppAuth;
		};
		844E157025A0657300A79C9E /* GTMSessionFetcher */ = {
			isa = XCSwiftPackageProductDependency;
			package = 844E156F25A0657300A79C9E /* XCRemoteSwiftPackageReference "gtm-session-fetcher" */;
			productName = GTMSessionFetcher;
		};
		844E157625A0659300A79C9E /* GoogleAPIClientForREST_Gmail */ = {
			isa = XCSwiftPackageProductDependency;
			package = 8462D0A325A0643F0031AD0D /* XCRemoteSwiftPackageReference "google-api-objectivec-client-for-rest" */;
			productName = GoogleAPIClientForREST_Gmail;
		};
		844E157825A065A000A79C9E /* GTMSessionFetcher */ = {
			isa = XCSwiftPackageProductDependency;
			package = 844E156F25A0657300A79C9E /* XCRemoteSwiftPackageReference "gtm-session-fetcher" */;
			productName = GTMSessionFetcher;
		};
		844E157E25A065FB00A79C9E /* GoogleAPIClientForRESTCore */ = {
			isa = XCSwiftPackageProductDependency;
			package = 8462D0A325A0643F0031AD0D /* XCRemoteSwiftPackageReference "google-api-objectivec-client-for-rest" */;
			productName = GoogleAPIClientForRESTCore;
		};
		844E158025A0660200A79C9E /* GoogleAPIClientForRESTCore */ = {
			isa = XCSwiftPackageProductDependency;
			package = 8462D0A325A0643F0031AD0D /* XCRemoteSwiftPackageReference "google-api-objectivec-client-for-rest" */;
			productName = GoogleAPIClientForRESTCore;
		};
		8462D0A425A0643F0031AD0D /* GoogleAPIClientForREST_Gmail */ = {
			isa = XCSwiftPackageProductDependency;
			package = 8462D0A325A0643F0031AD0D /* XCRemoteSwiftPackageReference "google-api-objectivec-client-for-rest" */;
			productName = GoogleAPIClientForREST_Gmail;
		};
		84E97F8F25A4A4900031FE3B /* GoogleAPIClientForREST_Drive */ = {
			isa = XCSwiftPackageProductDependency;
			package = 8462D0A325A0643F0031AD0D /* XCRemoteSwiftPackageReference "google-api-objectivec-client-for-rest" */;
			productName = GoogleAPIClientForREST_Drive;
		};
		84E97F9125A4A49B0031FE3B /* GoogleAPIClientForREST_Drive */ = {
			isa = XCSwiftPackageProductDependency;
			package = 8462D0A325A0643F0031AD0D /* XCRemoteSwiftPackageReference "google-api-objectivec-client-for-rest" */;
			productName = GoogleAPIClientForREST_Drive;
		};
/* End XCSwiftPackageProductDependency section */

/* Begin XCVersionGroup section */
		8468A22A25A33784009B562D /* Potori.xcdatamodeld */ = {
			isa = XCVersionGroup;
			children = (
				8468A22B25A33784009B562D /* Potori.xcdatamodel */,
			);
			currentVersion = 8468A22B25A33784009B562D /* Potori.xcdatamodel */;
			path = Potori.xcdatamodeld;
			sourceTree = "<group>";
			versionGroupType = wrapper.xcdatamodel;
		};
/* End XCVersionGroup section */
	};
	rootObject = 849178542599F81600CD967F /* Project object */;
}
