{
  "object": {
    "pins": [
      {
        "package": "AppAuth",
        "repositoryURL": "https://github.com/cabeca/AppAuth-iOS.git",
        "state": {
          "branch": "Support-for-Xcode-13-beta-3",
          "revision": "16dd1812e2c55387c80035bfa3358df6add73fa1",
          "version": null
        }
      },
      {
        "package": "GoogleAPIClientForREST",
        "repositoryURL": "https://github.com/woxtu/google-api-objectivec-client-for-rest.git",
        "state": {
          "branch": "fix-spm",
          "revision": "3764dff839ff6a1ddc8000842b858bed398b15b6",
          "version": null
        }
      },
      {
        "package": "GTMSessionFetcher",
        "repositoryURL": "https://github.com/google/gtm-session-fetcher.git",
        "state": {
          "branch": null,
          "revision": "bc6a19702ac76ac4e488b68148710eb815f9bc56",
          "version": "1.7.0"
        }
      },
      {
        "package": "GTMAppAuth",
        "repositoryURL": "https://github.com/google/GTMAppAuth.git",
        "state": {
          "branch": null,
          "revision": "40f4103fb52109032c05599a0c39ad43edbdf80a",
          "version": "1.2.2"
        }
      },
      {
        "package": "MapboxCommon",
        "repositoryURL": "https://github.com/mapbox/mapbox-common-ios.git",
        "state": {
          "branch": null,
          "revision": "98893cfe86f3aeed89d852f406d74a1756f71dad",
          "version": "19.0.0"
        }
      },
      {
        "package": "MapboxCoreMaps",
        "repositoryURL": "https://github.com/mapbox/mapbox-core-maps-ios.git",
        "state": {
          "branch": null,
          "revision": "a5561019739925ba364263d3cf0dc58e1133a9ea",
          "version": "10.0.0-rc.9.1"
        }
      },
      {
        "package": "MapboxMobileEvents",
        "repositoryURL": "https://github.com/mapbox/mapbox-events-ios.git",
        "state": {
          "branch": null,
          "revision": "1df12e2514513acdf87841cde1f98fd8e414461e",
          "version": "1.0.4"
        }
      },
      {
        "package": "MapboxMaps",
        "repositoryURL": "https://github.com/mapbox/mapbox-maps-ios",
        "state": {
          "branch": null,
          "revision": "3557fa41b15e465852b38b93cc00b52fc8b9d1aa",
          "version": "10.0.0-rc.9"
        }
      },
      {
        "package": "Turf",
        "repositoryURL": "https://github.com/mapbox/turf-swift.git",
        "state": {
          "branch": null,
          "revision": "555458bd67acce7322c513ddd3647c9a904f4197",
          "version": "2.0.0-rc.1"
        }
      }
    ]
  },
  "version": 1
}
